{
    "format_version": "1.2",
    "terraform_version": "1.5.7",
    "variables": {
        "common_tags": {
            "value": {
                "environment": "dev",
                "project": "opa"
            }
        },
        "location": {
            "value": "West US"
        },
        "resource_group_name": {
            "value": "opa-test"
        },
        "storage_account": {
            "value": "opatesttf"
        },
        "subnets": {
            "value": {
                "subnet1": "10.0.0.0/24",
                "subnet2": "10.0.1.0/24"
            }
        },
        "vnet_address_space": {
            "value": "10.0.0.0/16"
        }
    },
    "planned_values": {
        "root_module": {
            "resources": [
                {
                    "address": "azurerm_application_security_group.NSG",
                    "mode": "managed",
                    "type": "azurerm_application_security_group",
                    "name": "NSG",
                    "provider_name": "registry.terraform.io/hashicorp/azurerm",
                    "schema_version": 0,
                    "values": {
                        "location": "westus",
                        "name": "NSG",
                        "resource_group_name": "opa-test",
                        "tags": {
                            "environment": "dev",
                            "project": "opa"
                        },
                        "timeouts": null
                    },
                    "sensitive_values": {
                        "tags": {}
                    }
                },
                {
                    "address": "azurerm_resource_group.opa-test",
                    "mode": "managed",
                    "type": "azurerm_resource_group",
                    "name": "opa-test",
                    "provider_name": "registry.terraform.io/hashicorp/azurerm",
                    "schema_version": 0,
                    "values": {
                        "location": "westus",
                        "managed_by": null,
                        "name": "opa-test",
                        "tags": {
                            "environment": "dev",
                            "project": "opa"
                        },
                        "timeouts": null
                    },
                    "sensitive_values": {
                        "tags": {}
                    }
                },
                {
                    "address": "azurerm_storage_account.example[\"examplestoracct1\"]",
                    "mode": "managed",
                    "type": "azurerm_storage_account",
                    "name": "example",
                    "index": "examplestoracct1",
                    "provider_name": "registry.terraform.io/hashicorp/azurerm",
                    "schema_version": 4,
                    "values": {
                        "account_kind": "StorageV2",
                        "account_replication_type": "LRS",
                        "account_tier": "Standard",
                        "allow_nested_items_to_be_public": true,
                        "allowed_copy_scope": null,
                        "azure_files_authentication": [],
                        "cross_tenant_replication_enabled": false,
                        "custom_domain": [],
                        "customer_managed_key": [],
                        "default_to_oauth_authentication": false,
                        "dns_endpoint_type": "Standard",
                        "edge_zone": null,
                        "https_traffic_only_enabled": true,
                        "identity": [],
                        "immutability_policy": [],
                        "infrastructure_encryption_enabled": false,
                        "is_hns_enabled": false,
                        "local_user_enabled": true,
                        "location": "westus",
                        "min_tls_version": "TLS1_2",
                        "name": "examplestoracct1",
                        "nfsv3_enabled": false,
                        "public_network_access_enabled": true,
                        "queue_encryption_key_type": "Service",
                        "resource_group_name": "opa-test",
                        "sas_policy": [],
                        "sftp_enabled": false,
                        "shared_access_key_enabled": true,
                        "static_website": [],
                        "table_encryption_key_type": "Service",
                        "tags": null,
                        "timeouts": null
                    },
                    "sensitive_values": {
                        "azure_files_authentication": [],
                        "blob_properties": [],
                        "custom_domain": [],
                        "customer_managed_key": [],
                        "identity": [],
                        "immutability_policy": [],
                        "network_rules": [],
                        "queue_properties": [],
                        "routing": [],
                        "sas_policy": [],
                        "share_properties": [],
                        "static_website": []
                    }
                },
                {
                    "address": "azurerm_storage_account.example[\"examplestoracct10\"]",
                    "mode": "managed",
                    "type": "azurerm_storage_account",
                    "name": "example",
                    "index": "examplestoracct10",
                    "provider_name": "registry.terraform.io/hashicorp/azurerm",
                    "schema_version": 4,
                    "values": {
                        "account_kind": "StorageV2",
                        "account_replication_type": "LRS",
                        "account_tier": "Standard",
                        "allow_nested_items_to_be_public": true,
                        "allowed_copy_scope": null,
                        "azure_files_authentication": [],
                        "cross_tenant_replication_enabled": false,
                        "custom_domain": [],
                        "customer_managed_key": [],
                        "default_to_oauth_authentication": false,
                        "dns_endpoint_type": "Standard",
                        "edge_zone": null,
                        "https_traffic_only_enabled": true,
                        "identity": [],
                        "immutability_policy": [],
                        "infrastructure_encryption_enabled": false,
                        "is_hns_enabled": false,
                        "local_user_enabled": true,
                        "location": "westus",
                        "min_tls_version": "TLS1_2",
                        "name": "examplestoracct10",
                        "nfsv3_enabled": false,
                        "public_network_access_enabled": true,
                        "queue_encryption_key_type": "Service",
                        "resource_group_name": "opa-test",
                        "sas_policy": [],
                        "sftp_enabled": false,
                        "shared_access_key_enabled": true,
                        "static_website": [],
                        "table_encryption_key_type": "Service",
                        "tags": null,
                        "timeouts": null
                    },
                    "sensitive_values": {
                        "azure_files_authentication": [],
                        "blob_properties": [],
                        "custom_domain": [],
                        "customer_managed_key": [],
                        "identity": [],
                        "immutability_policy": [],
                        "network_rules": [],
                        "queue_properties": [],
                        "routing": [],
                        "sas_policy": [],
                        "share_properties": [],
                        "static_website": []
                    }
                },
                {
                    "address": "azurerm_storage_account.example[\"examplestoracct11\"]",
                    "mode": "managed",
                    "type": "azurerm_storage_account",
                    "name": "example",
                    "index": "examplestoracct11",
                    "provider_name": "registry.terraform.io/hashicorp/azurerm",
                    "schema_version": 4,
                    "values": {
                        "account_kind": "StorageV2",
                        "account_replication_type": "LRS",
                        "account_tier": "Standard",
                        "allow_nested_items_to_be_public": true,
                        "allowed_copy_scope": null,
                        "azure_files_authentication": [],
                        "cross_tenant_replication_enabled": false,
                        "custom_domain": [],
                        "customer_managed_key": [],
                        "default_to_oauth_authentication": false,
                        "dns_endpoint_type": "Standard",
                        "edge_zone": null,
                        "https_traffic_only_enabled": true,
                        "identity": [],
                        "immutability_policy": [],
                        "infrastructure_encryption_enabled": false,
                        "is_hns_enabled": false,
                        "local_user_enabled": true,
                        "location": "westus",
                        "min_tls_version": "TLS1_2",
                        "name": "examplestoracct11",
                        "nfsv3_enabled": false,
                        "public_network_access_enabled": true,
                        "queue_encryption_key_type": "Service",
                        "resource_group_name": "opa-test",
                        "sas_policy": [],
                        "sftp_enabled": false,
                        "shared_access_key_enabled": true,
                        "static_website": [],
                        "table_encryption_key_type": "Service",
                        "tags": null,
                        "timeouts": null
                    },
                    "sensitive_values": {
                        "azure_files_authentication": [],
                        "blob_properties": [],
                        "custom_domain": [],
                        "customer_managed_key": [],
                        "identity": [],
                        "immutability_policy": [],
                        "network_rules": [],
                        "queue_properties": [],
                        "routing": [],
                        "sas_policy": [],
                        "share_properties": [],
                        "static_website": []
                    }
                },
                {
                    "address": "azurerm_storage_account.example[\"examplestoracct2\"]",
                    "mode": "managed",
                    "type": "azurerm_storage_account",
                    "name": "example",
                    "index": "examplestoracct2",
                    "provider_name": "registry.terraform.io/hashicorp/azurerm",
                    "schema_version": 4,
                    "values": {
                        "account_kind": "StorageV2",
                        "account_replication_type": "LRS",
                        "account_tier": "Standard",
                        "allow_nested_items_to_be_public": true,
                        "allowed_copy_scope": null,
                        "azure_files_authentication": [],
                        "cross_tenant_replication_enabled": false,
                        "custom_domain": [],
                        "customer_managed_key": [],
                        "default_to_oauth_authentication": false,
                        "dns_endpoint_type": "Standard",
                        "edge_zone": null,
                        "https_traffic_only_enabled": true,
                        "identity": [],
                        "immutability_policy": [],
                        "infrastructure_encryption_enabled": false,
                        "is_hns_enabled": false,
                        "local_user_enabled": true,
                        "location": "westus",
                        "min_tls_version": "TLS1_2",
                        "name": "examplestoracct2",
                        "nfsv3_enabled": false,
                        "public_network_access_enabled": true,
                        "queue_encryption_key_type": "Service",
                        "resource_group_name": "opa-test",
                        "sas_policy": [],
                        "sftp_enabled": false,
                        "shared_access_key_enabled": true,
                        "static_website": [],
                        "table_encryption_key_type": "Service",
                        "tags": null,
                        "timeouts": null
                    },
                    "sensitive_values": {
                        "azure_files_authentication": [],
                        "blob_properties": [],
                        "custom_domain": [],
                        "customer_managed_key": [],
                        "identity": [],
                        "immutability_policy": [],
                        "network_rules": [],
                        "queue_properties": [],
                        "routing": [],
                        "sas_policy": [],
                        "share_properties": [],
                        "static_website": []
                    }
                },
                {
                    "address": "azurerm_storage_account.example[\"examplestoracct3\"]",
                    "mode": "managed",
                    "type": "azurerm_storage_account",
                    "name": "example",
                    "index": "examplestoracct3",
                    "provider_name": "registry.terraform.io/hashicorp/azurerm",
                    "schema_version": 4,
                    "values": {
                        "account_kind": "StorageV2",
                        "account_replication_type": "LRS",
                        "account_tier": "Standard",
                        "allow_nested_items_to_be_public": true,
                        "allowed_copy_scope": null,
                        "azure_files_authentication": [],
                        "cross_tenant_replication_enabled": false,
                        "custom_domain": [],
                        "customer_managed_key": [],
                        "default_to_oauth_authentication": false,
                        "dns_endpoint_type": "Standard",
                        "edge_zone": null,
                        "https_traffic_only_enabled": true,
                        "identity": [],
                        "immutability_policy": [],
                        "infrastructure_encryption_enabled": false,
                        "is_hns_enabled": false,
                        "local_user_enabled": true,
                        "location": "westus",
                        "min_tls_version": "TLS1_2",
                        "name": "examplestoracct3",
                        "nfsv3_enabled": false,
                        "public_network_access_enabled": true,
                        "queue_encryption_key_type": "Service",
                        "resource_group_name": "opa-test",
                        "sas_policy": [],
                        "sftp_enabled": false,
                        "shared_access_key_enabled": true,
                        "static_website": [],
                        "table_encryption_key_type": "Service",
                        "tags": null,
                        "timeouts": null
                    },
                    "sensitive_values": {
                        "azure_files_authentication": [],
                        "blob_properties": [],
                        "custom_domain": [],
                        "customer_managed_key": [],
                        "identity": [],
                        "immutability_policy": [],
                        "network_rules": [],
                        "queue_properties": [],
                        "routing": [],
                        "sas_policy": [],
                        "share_properties": [],
                        "static_website": []
                    }
                },
                {
                    "address": "azurerm_storage_account.example[\"examplestoracct4\"]",
                    "mode": "managed",
                    "type": "azurerm_storage_account",
                    "name": "example",
                    "index": "examplestoracct4",
                    "provider_name": "registry.terraform.io/hashicorp/azurerm",
                    "schema_version": 4,
                    "values": {
                        "account_kind": "StorageV2",
                        "account_replication_type": "LRS",
                        "account_tier": "Standard",
                        "allow_nested_items_to_be_public": true,
                        "allowed_copy_scope": null,
                        "azure_files_authentication": [],
                        "cross_tenant_replication_enabled": false,
                        "custom_domain": [],
                        "customer_managed_key": [],
                        "default_to_oauth_authentication": false,
                        "dns_endpoint_type": "Standard",
                        "edge_zone": null,
                        "https_traffic_only_enabled": true,
                        "identity": [],
                        "immutability_policy": [],
                        "infrastructure_encryption_enabled": false,
                        "is_hns_enabled": false,
                        "local_user_enabled": true,
                        "location": "westus",
                        "min_tls_version": "TLS1_2",
                        "name": "examplestoracct4",
                        "nfsv3_enabled": false,
                        "public_network_access_enabled": true,
                        "queue_encryption_key_type": "Service",
                        "resource_group_name": "opa-test",
                        "sas_policy": [],
                        "sftp_enabled": false,
                        "shared_access_key_enabled": true,
                        "static_website": [],
                        "table_encryption_key_type": "Service",
                        "tags": null,
                        "timeouts": null
                    },
                    "sensitive_values": {
                        "azure_files_authentication": [],
                        "blob_properties": [],
                        "custom_domain": [],
                        "customer_managed_key": [],
                        "identity": [],
                        "immutability_policy": [],
                        "network_rules": [],
                        "queue_properties": [],
                        "routing": [],
                        "sas_policy": [],
                        "share_properties": [],
                        "static_website": []
                    }
                },
                {
                    "address": "azurerm_storage_account.example[\"examplestoracct5\"]",
                    "mode": "managed",
                    "type": "azurerm_storage_account",
                    "name": "example",
                    "index": "examplestoracct5",
                    "provider_name": "registry.terraform.io/hashicorp/azurerm",
                    "schema_version": 4,
                    "values": {
                        "account_kind": "StorageV2",
                        "account_replication_type": "LRS",
                        "account_tier": "Standard",
                        "allow_nested_items_to_be_public": true,
                        "allowed_copy_scope": null,
                        "azure_files_authentication": [],
                        "cross_tenant_replication_enabled": false,
                        "custom_domain": [],
                        "customer_managed_key": [],
                        "default_to_oauth_authentication": false,
                        "dns_endpoint_type": "Standard",
                        "edge_zone": null,
                        "https_traffic_only_enabled": true,
                        "identity": [],
                        "immutability_policy": [],
                        "infrastructure_encryption_enabled": false,
                        "is_hns_enabled": false,
                        "local_user_enabled": true,
                        "location": "westus",
                        "min_tls_version": "TLS1_2",
                        "name": "examplestoracct5",
                        "nfsv3_enabled": false,
                        "public_network_access_enabled": true,
                        "queue_encryption_key_type": "Service",
                        "resource_group_name": "opa-test",
                        "sas_policy": [],
                        "sftp_enabled": false,
                        "shared_access_key_enabled": true,
                        "static_website": [],
                        "table_encryption_key_type": "Service",
                        "tags": null,
                        "timeouts": null
                    },
                    "sensitive_values": {
                        "azure_files_authentication": [],
                        "blob_properties": [],
                        "custom_domain": [],
                        "customer_managed_key": [],
                        "identity": [],
                        "immutability_policy": [],
                        "network_rules": [],
                        "queue_properties": [],
                        "routing": [],
                        "sas_policy": [],
                        "share_properties": [],
                        "static_website": []
                    }
                },
                {
                    "address": "azurerm_storage_account.example[\"examplestoracct6\"]",
                    "mode": "managed",
                    "type": "azurerm_storage_account",
                    "name": "example",
                    "index": "examplestoracct6",
                    "provider_name": "registry.terraform.io/hashicorp/azurerm",
                    "schema_version": 4,
                    "values": {
                        "account_kind": "StorageV2",
                        "account_replication_type": "LRS",
                        "account_tier": "Standard",
                        "allow_nested_items_to_be_public": true,
                        "allowed_copy_scope": null,
                        "azure_files_authentication": [],
                        "cross_tenant_replication_enabled": false,
                        "custom_domain": [],
                        "customer_managed_key": [],
                        "default_to_oauth_authentication": false,
                        "dns_endpoint_type": "Standard",
                        "edge_zone": null,
                        "https_traffic_only_enabled": true,
                        "identity": [],
                        "immutability_policy": [],
                        "infrastructure_encryption_enabled": false,
                        "is_hns_enabled": false,
                        "local_user_enabled": true,
                        "location": "westus",
                        "min_tls_version": "TLS1_2",
                        "name": "examplestoracct6",
                        "nfsv3_enabled": false,
                        "public_network_access_enabled": true,
                        "queue_encryption_key_type": "Service",
                        "resource_group_name": "opa-test",
                        "sas_policy": [],
                        "sftp_enabled": false,
                        "shared_access_key_enabled": true,
                        "static_website": [],
                        "table_encryption_key_type": "Service",
                        "tags": null,
                        "timeouts": null
                    },
                    "sensitive_values": {
                        "azure_files_authentication": [],
                        "blob_properties": [],
                        "custom_domain": [],
                        "customer_managed_key": [],
                        "identity": [],
                        "immutability_policy": [],
                        "network_rules": [],
                        "queue_properties": [],
                        "routing": [],
                        "sas_policy": [],
                        "share_properties": [],
                        "static_website": []
                    }
                },
                {
                    "address": "azurerm_storage_account.example[\"examplestoracct7\"]",
                    "mode": "managed",
                    "type": "azurerm_storage_account",
                    "name": "example",
                    "index": "examplestoracct7",
                    "provider_name": "registry.terraform.io/hashicorp/azurerm",
                    "schema_version": 4,
                    "values": {
                        "account_kind": "StorageV2",
                        "account_replication_type": "LRS",
                        "account_tier": "Standard",
                        "allow_nested_items_to_be_public": true,
                        "allowed_copy_scope": null,
                        "azure_files_authentication": [],
                        "cross_tenant_replication_enabled": false,
                        "custom_domain": [],
                        "customer_managed_key": [],
                        "default_to_oauth_authentication": false,
                        "dns_endpoint_type": "Standard",
                        "edge_zone": null,
                        "https_traffic_only_enabled": true,
                        "identity": [],
                        "immutability_policy": [],
                        "infrastructure_encryption_enabled": false,
                        "is_hns_enabled": false,
                        "local_user_enabled": true,
                        "location": "westus",
                        "min_tls_version": "TLS1_2",
                        "name": "examplestoracct7",
                        "nfsv3_enabled": false,
                        "public_network_access_enabled": true,
                        "queue_encryption_key_type": "Service",
                        "resource_group_name": "opa-test",
                        "sas_policy": [],
                        "sftp_enabled": false,
                        "shared_access_key_enabled": true,
                        "static_website": [],
                        "table_encryption_key_type": "Service",
                        "tags": null,
                        "timeouts": null
                    },
                    "sensitive_values": {
                        "azure_files_authentication": [],
                        "blob_properties": [],
                        "custom_domain": [],
                        "customer_managed_key": [],
                        "identity": [],
                        "immutability_policy": [],
                        "network_rules": [],
                        "queue_properties": [],
                        "routing": [],
                        "sas_policy": [],
                        "share_properties": [],
                        "static_website": []
                    }
                },
                {
                    "address": "azurerm_storage_account.example[\"examplestoracct8\"]",
                    "mode": "managed",
                    "type": "azurerm_storage_account",
                    "name": "example",
                    "index": "examplestoracct8",
                    "provider_name": "registry.terraform.io/hashicorp/azurerm",
                    "schema_version": 4,
                    "values": {
                        "account_kind": "StorageV2",
                        "account_replication_type": "LRS",
                        "account_tier": "Standard",
                        "allow_nested_items_to_be_public": true,
                        "allowed_copy_scope": null,
                        "azure_files_authentication": [],
                        "cross_tenant_replication_enabled": false,
                        "custom_domain": [],
                        "customer_managed_key": [],
                        "default_to_oauth_authentication": false,
                        "dns_endpoint_type": "Standard",
                        "edge_zone": null,
                        "https_traffic_only_enabled": true,
                        "identity": [],
                        "immutability_policy": [],
                        "infrastructure_encryption_enabled": false,
                        "is_hns_enabled": false,
                        "local_user_enabled": true,
                        "location": "westus",
                        "min_tls_version": "TLS1_2",
                        "name": "examplestoracct8",
                        "nfsv3_enabled": false,
                        "public_network_access_enabled": true,
                        "queue_encryption_key_type": "Service",
                        "resource_group_name": "opa-test",
                        "sas_policy": [],
                        "sftp_enabled": false,
                        "shared_access_key_enabled": true,
                        "static_website": [],
                        "table_encryption_key_type": "Service",
                        "tags": null,
                        "timeouts": null
                    },
                    "sensitive_values": {
                        "azure_files_authentication": [],
                        "blob_properties": [],
                        "custom_domain": [],
                        "customer_managed_key": [],
                        "identity": [],
                        "immutability_policy": [],
                        "network_rules": [],
                        "queue_properties": [],
                        "routing": [],
                        "sas_policy": [],
                        "share_properties": [],
                        "static_website": []
                    }
                },
                {
                    "address": "azurerm_storage_account.example[\"examplestoracct9\"]",
                    "mode": "managed",
                    "type": "azurerm_storage_account",
                    "name": "example",
                    "index": "examplestoracct9",
                    "provider_name": "registry.terraform.io/hashicorp/azurerm",
                    "schema_version": 4,
                    "values": {
                        "account_kind": "StorageV2",
                        "account_replication_type": "LRS",
                        "account_tier": "Standard",
                        "allow_nested_items_to_be_public": true,
                        "allowed_copy_scope": null,
                        "azure_files_authentication": [],
                        "cross_tenant_replication_enabled": false,
                        "custom_domain": [],
                        "customer_managed_key": [],
                        "default_to_oauth_authentication": false,
                        "dns_endpoint_type": "Standard",
                        "edge_zone": null,
                        "https_traffic_only_enabled": true,
                        "identity": [],
                        "immutability_policy": [],
                        "infrastructure_encryption_enabled": false,
                        "is_hns_enabled": false,
                        "local_user_enabled": true,
                        "location": "westus",
                        "min_tls_version": "TLS1_2",
                        "name": "examplestoracct9",
                        "nfsv3_enabled": false,
                        "public_network_access_enabled": true,
                        "queue_encryption_key_type": "Service",
                        "resource_group_name": "opa-test",
                        "sas_policy": [],
                        "sftp_enabled": false,
                        "shared_access_key_enabled": true,
                        "static_website": [],
                        "table_encryption_key_type": "Service",
                        "tags": null,
                        "timeouts": null
                    },
                    "sensitive_values": {
                        "azure_files_authentication": [],
                        "blob_properties": [],
                        "custom_domain": [],
                        "customer_managed_key": [],
                        "identity": [],
                        "immutability_policy": [],
                        "network_rules": [],
                        "queue_properties": [],
                        "routing": [],
                        "sas_policy": [],
                        "share_properties": [],
                        "static_website": []
                    }
                },
                {
                    "address": "azurerm_storage_account.opatesttf",
                    "mode": "managed",
                    "type": "azurerm_storage_account",
                    "name": "opatesttf",
                    "provider_name": "registry.terraform.io/hashicorp/azurerm",
                    "schema_version": 4,
                    "values": {
                        "access_tier": "Hot",
                        "account_kind": "StorageV2",
                        "account_replication_type": "GRS",
                        "account_tier": "Standard",
                        "allow_nested_items_to_be_public": true,
                        "allowed_copy_scope": "",
                        "azure_files_authentication": [],
                        "blob_properties": [
                            {
                                "change_feed_enabled": false,
                                "change_feed_retention_in_days": 0,
                                "container_delete_retention_policy": [],
                                "cors_rule": [],
                                "default_service_version": "",
                                "delete_retention_policy": [],
                                "last_access_time_enabled": false,
                                "restore_policy": [],
                                "versioning_enabled": false
                            }
                        ],
                        "cross_tenant_replication_enabled": false,
                        "custom_domain": [],
                        "customer_managed_key": [],
                        "default_to_oauth_authentication": false,
                        "dns_endpoint_type": "Standard",
                        "edge_zone": "",
                        "https_traffic_only_enabled": true,
                        "id": "/subscriptions/6a18591d-f445-43a2-b12a-1f1f9b4e3238/resourceGroups/opa-test/providers/Microsoft.Storage/storageAccounts/opatesttf",
                        "identity": [],
                        "immutability_policy": [],
                        "infrastructure_encryption_enabled": false,
                        "is_hns_enabled": false,
                        "large_file_share_enabled": false,
                        "local_user_enabled": true,
                        "location": "westus",
                        "min_tls_version": "TLS1_2",
                        "name": "opatesttf",
                        "network_rules": [],
                        "nfsv3_enabled": false,
                        "primary_access_key": "K98Kz0Tj3C8GJdyF7GgLzppPPrZRk0mzKmaN2J1c8QmQp7PwKks8y8nGzVKF7H8FRvuHyQcLhOyM+AStknlMtg==",
                        "primary_blob_connection_string": "DefaultEndpointsProtocol=https;BlobEndpoint=https://opatesttf.blob.core.windows.net/;AccountName=opatesttf;AccountKey=K98Kz0Tj3C8GJdyF7GgLzppPPrZRk0mzKmaN2J1c8QmQp7PwKks8y8nGzVKF7H8FRvuHyQcLhOyM+AStknlMtg==",
                        "primary_blob_endpoint": "https://opatesttf.blob.core.windows.net/",
                        "primary_blob_host": "opatesttf.blob.core.windows.net",
                        "primary_blob_internet_endpoint": "",
                        "primary_blob_internet_host": "",
                        "primary_blob_microsoft_endpoint": "",
                        "primary_blob_microsoft_host": "",
                        "primary_connection_string": "DefaultEndpointsProtocol=https;AccountName=opatesttf;AccountKey=K98Kz0Tj3C8GJdyF7GgLzppPPrZRk0mzKmaN2J1c8QmQp7PwKks8y8nGzVKF7H8FRvuHyQcLhOyM+AStknlMtg==;EndpointSuffix=core.windows.net",
                        "primary_dfs_endpoint": "https://opatesttf.dfs.core.windows.net/",
                        "primary_dfs_host": "opatesttf.dfs.core.windows.net",
                        "primary_dfs_internet_endpoint": "",
                        "primary_dfs_internet_host": "",
                        "primary_dfs_microsoft_endpoint": "",
                        "primary_dfs_microsoft_host": "",
                        "primary_file_endpoint": "https://opatesttf.file.core.windows.net/",
                        "primary_file_host": "opatesttf.file.core.windows.net",
                        "primary_file_internet_endpoint": "",
                        "primary_file_internet_host": "",
                        "primary_file_microsoft_endpoint": "",
                        "primary_file_microsoft_host": "",
                        "primary_location": "westus",
                        "primary_queue_endpoint": "https://opatesttf.queue.core.windows.net/",
                        "primary_queue_host": "opatesttf.queue.core.windows.net",
                        "primary_queue_microsoft_endpoint": "",
                        "primary_queue_microsoft_host": "",
                        "primary_table_endpoint": "https://opatesttf.table.core.windows.net/",
                        "primary_table_host": "opatesttf.table.core.windows.net",
                        "primary_table_microsoft_endpoint": "",
                        "primary_table_microsoft_host": "",
                        "primary_web_endpoint": "https://opatesttf.z22.web.core.windows.net/",
                        "primary_web_host": "opatesttf.z22.web.core.windows.net",
                        "primary_web_internet_endpoint": "",
                        "primary_web_internet_host": "",
                        "primary_web_microsoft_endpoint": "",
                        "primary_web_microsoft_host": "",
                        "public_network_access_enabled": true,
                        "queue_encryption_key_type": "Service",
                        "queue_properties": [
                            {
                                "cors_rule": [],
                                "hour_metrics": [
                                    {
                                        "enabled": true,
                                        "include_apis": true,
                                        "retention_policy_days": 7,
                                        "version": "1.0"
                                    }
                                ],
                                "logging": [
                                    {
                                        "delete": false,
                                        "read": false,
                                        "retention_policy_days": 0,
                                        "version": "1.0",
                                        "write": false
                                    }
                                ],
                                "minute_metrics": [
                                    {
                                        "enabled": false,
                                        "include_apis": false,
                                        "retention_policy_days": 0,
                                        "version": "1.0"
                                    }
                                ]
                            }
                        ],
                        "resource_group_name": "opa-test",
                        "routing": [],
                        "sas_policy": [],
                        "secondary_access_key": "S5lM+vwoF5eSHsG9NPI9apqsf3jl3kA2gsDAKYNpxVOM45bJegJU92pkKdjc9z1GBS9mxoOD5e4B+AStj4r0Ag==",
                        "secondary_blob_connection_string": "",
                        "secondary_blob_endpoint": "",
                        "secondary_blob_host": "",
                        "secondary_blob_internet_endpoint": "",
                        "secondary_blob_internet_host": "",
                        "secondary_blob_microsoft_endpoint": "",
                        "secondary_blob_microsoft_host": "",
                        "secondary_connection_string": "DefaultEndpointsProtocol=https;AccountName=opatesttf;AccountKey=S5lM+vwoF5eSHsG9NPI9apqsf3jl3kA2gsDAKYNpxVOM45bJegJU92pkKdjc9z1GBS9mxoOD5e4B+AStj4r0Ag==;EndpointSuffix=core.windows.net",
                        "secondary_dfs_endpoint": "",
                        "secondary_dfs_host": "",
                        "secondary_dfs_internet_endpoint": "",
                        "secondary_dfs_internet_host": "",
                        "secondary_dfs_microsoft_endpoint": "",
                        "secondary_dfs_microsoft_host": "",
                        "secondary_file_endpoint": "",
                        "secondary_file_host": "",
                        "secondary_file_internet_endpoint": "",
                        "secondary_file_internet_host": "",
                        "secondary_file_microsoft_endpoint": "",
                        "secondary_file_microsoft_host": "",
                        "secondary_location": "eastus",
                        "secondary_queue_endpoint": "",
                        "secondary_queue_host": "",
                        "secondary_queue_microsoft_endpoint": "",
                        "secondary_queue_microsoft_host": "",
                        "secondary_table_endpoint": "",
                        "secondary_table_host": "",
                        "secondary_table_microsoft_endpoint": "",
                        "secondary_table_microsoft_host": "",
                        "secondary_web_endpoint": "",
                        "secondary_web_host": "",
                        "secondary_web_internet_endpoint": "",
                        "secondary_web_internet_host": "",
                        "secondary_web_microsoft_endpoint": "",
                        "secondary_web_microsoft_host": "",
                        "sftp_enabled": false,
                        "share_properties": [
                            {
                                "cors_rule": [],
                                "retention_policy": [
                                    {
                                        "days": 7
                                    }
                                ],
                                "smb": []
                            }
                        ],
                        "shared_access_key_enabled": true,
                        "static_website": [],
                        "table_encryption_key_type": "Service",
                        "tags": {
                            "environment": "dev",
                            "project": "opa"
                        },
                        "timeouts": null
                    },
                    "sensitive_values": {
                        "azure_files_authentication": [],
                        "blob_properties": [
                            {
                                "container_delete_retention_policy": [],
                                "cors_rule": [],
                                "delete_retention_policy": [],
                                "restore_policy": []
                            }
                        ],
                        "custom_domain": [],
                        "customer_managed_key": [],
                        "identity": [],
                        "immutability_policy": [],
                        "network_rules": [],
                        "queue_properties": [
                            {
                                "cors_rule": [],
                                "hour_metrics": [
                                    {}
                                ],
                                "logging": [
                                    {}
                                ],
                                "minute_metrics": [
                                    {}
                                ]
                            }
                        ],
                        "routing": [],
                        "sas_policy": [],
                        "share_properties": [
                            {
                                "cors_rule": [],
                                "retention_policy": [
                                    {}
                                ],
                                "smb": []
                            }
                        ],
                        "static_website": [],
                        "tags": {}
                    }
                },
                {
                    "address": "azurerm_subnet.main[\"subnet1\"]",
                    "mode": "managed",
                    "type": "azurerm_subnet",
                    "name": "main",
                    "index": "subnet1",
                    "provider_name": "registry.terraform.io/hashicorp/azurerm",
                    "schema_version": 0,
                    "values": {
                        "address_prefixes": [
                            "10.0.0.0/24"
                        ],
                        "default_outbound_access_enabled": true,
                        "delegation": [],
                        "id": "/subscriptions/6a18591d-f445-43a2-b12a-1f1f9b4e3238/resourceGroups/opa-test/providers/Microsoft.Network/virtualNetworks/opa-test/subnets/subnet1",
                        "name": "subnet1",
                        "private_endpoint_network_policies": "Disabled",
                        "private_link_service_network_policies_enabled": true,
                        "resource_group_name": "opa-test",
                        "service_endpoint_policy_ids": [],
                        "service_endpoints": [],
                        "timeouts": null,
                        "virtual_network_name": "opa-test"
                    },
                    "sensitive_values": {
                        "address_prefixes": [
                            false
                        ],
                        "delegation": [],
                        "service_endpoint_policy_ids": [],
                        "service_endpoints": []
                    }
                },
                {
                    "address": "azurerm_subnet.main[\"subnet2\"]",
                    "mode": "managed",
                    "type": "azurerm_subnet",
                    "name": "main",
                    "index": "subnet2",
                    "provider_name": "registry.terraform.io/hashicorp/azurerm",
                    "schema_version": 0,
                    "values": {
                        "address_prefixes": [
                            "10.0.1.0/24"
                        ],
                        "default_outbound_access_enabled": true,
                        "delegation": [],
                        "id": "/subscriptions/6a18591d-f445-43a2-b12a-1f1f9b4e3238/resourceGroups/opa-test/providers/Microsoft.Network/virtualNetworks/opa-test/subnets/subnet2",
                        "name": "subnet2",
                        "private_endpoint_network_policies": "Disabled",
                        "private_link_service_network_policies_enabled": true,
                        "resource_group_name": "opa-test",
                        "service_endpoint_policy_ids": [],
                        "service_endpoints": [],
                        "timeouts": null,
                        "virtual_network_name": "opa-test"
                    },
                    "sensitive_values": {
                        "address_prefixes": [
                            false
                        ],
                        "delegation": [],
                        "service_endpoint_policy_ids": [],
                        "service_endpoints": []
                    }
                },
                {
                    "address": "azurerm_virtual_network.opa-test",
                    "mode": "managed",
                    "type": "azurerm_virtual_network",
                    "name": "opa-test",
                    "provider_name": "registry.terraform.io/hashicorp/azurerm",
                    "schema_version": 0,
                    "values": {
                        "address_space": [
                            "10.0.0.0/16"
                        ],
                        "bgp_community": null,
                        "ddos_protection_plan": [],
                        "edge_zone": null,
                        "encryption": [],
                        "flow_timeout_in_minutes": null,
                        "location": "westus",
                        "name": "opa-test",
                        "resource_group_name": "opa-test",
                        "tags": {
                            "environment": "dev",
                            "project": "opa"
                        },
                        "timeouts": null
                    },
                    "sensitive_values": {
                        "address_space": [
                            false
                        ],
                        "ddos_protection_plan": [],
                        "dns_servers": [],
                        "encryption": [],
                        "subnet": [],
                        "tags": {}
                    }
                }
            ]
        }
    },
    "resource_drift": [
        {
            "address": "azurerm_resource_group.main",
            "mode": "managed",
            "type": "azurerm_resource_group",
            "name": "main",
            "provider_name": "registry.terraform.io/hashicorp/azurerm",
            "change": {
                "actions": [
                    "update"
                ],
                "before": {
                    "id": "/subscriptions/6a18591d-f445-43a2-b12a-1f1f9b4e3238/resourceGroups/opa-test",
                    "location": "westus",
                    "managed_by": null,
                    "name": "opa-test",
                    "tags": {
                        "environment": "dev",
                        "project": "opa"
                    },
                    "timeouts": null
                },
                "after": {
                    "id": "/subscriptions/6a18591d-f445-43a2-b12a-1f1f9b4e3238/resourceGroups/opa-test",
                    "location": "westus",
                    "managed_by": "",
                    "name": "opa-test",
                    "tags": {
                        "environment": "dev",
                        "project": "opa"
                    },
                    "timeouts": null
                },
                "after_unknown": {},
                "before_sensitive": {
                    "tags": {}
                },
                "after_sensitive": {
                    "tags": {}
                }
            }
        },
        {
            "address": "azurerm_storage_account.opatesttf",
            "mode": "managed",
            "type": "azurerm_storage_account",
            "name": "opatesttf",
            "provider_name": "registry.terraform.io/hashicorp/azurerm",
            "change": {
                "actions": [
                    "update"
                ],
                "before": {
                    "access_tier": "Hot",
                    "account_kind": "StorageV2",
                    "account_replication_type": "GRS",
                    "account_tier": "Standard",
                    "allow_nested_items_to_be_public": true,
                    "allowed_copy_scope": "",
                    "azure_files_authentication": [],
                    "blob_properties": [
                        {
                            "change_feed_enabled": false,
                            "change_feed_retention_in_days": 0,
                            "container_delete_retention_policy": [],
                            "cors_rule": [],
                            "default_service_version": "",
                            "delete_retention_policy": [],
                            "last_access_time_enabled": false,
                            "restore_policy": [],
                            "versioning_enabled": false
                        }
                    ],
                    "cross_tenant_replication_enabled": true,
                    "custom_domain": [],
                    "customer_managed_key": [],
                    "default_to_oauth_authentication": false,
                    "dns_endpoint_type": null,
                    "edge_zone": "",
                    "https_traffic_only_enabled": null,
                    "id": "/subscriptions/6a18591d-f445-43a2-b12a-1f1f9b4e3238/resourceGroups/opa-test/providers/Microsoft.Storage/storageAccounts/opatesttf",
                    "identity": [],
                    "immutability_policy": [],
                    "infrastructure_encryption_enabled": false,
                    "is_hns_enabled": false,
                    "large_file_share_enabled": null,
                    "local_user_enabled": null,
                    "location": "westus",
                    "min_tls_version": "TLS1_2",
                    "name": "opatesttf",
                    "network_rules": [
                        {
                            "bypass": [
                                "AzureServices"
                            ],
                            "default_action": "Allow",
                            "ip_rules": [],
                            "private_link_access": [],
                            "virtual_network_subnet_ids": []
                        }
                    ],
                    "nfsv3_enabled": false,
                    "primary_access_key": "K98Kz0Tj3C8GJdyF7GgLzppPPrZRk0mzKmaN2J1c8QmQp7PwKks8y8nGzVKF7H8FRvuHyQcLhOyM+AStknlMtg==",
                    "primary_blob_connection_string": "DefaultEndpointsProtocol=https;BlobEndpoint=https://opatesttf.blob.core.windows.net/;AccountName=opatesttf;AccountKey=K98Kz0Tj3C8GJdyF7GgLzppPPrZRk0mzKmaN2J1c8QmQp7PwKks8y8nGzVKF7H8FRvuHyQcLhOyM+AStknlMtg==",
                    "primary_blob_endpoint": "https://opatesttf.blob.core.windows.net/",
                    "primary_blob_host": "opatesttf.blob.core.windows.net",
                    "primary_blob_internet_endpoint": null,
                    "primary_blob_internet_host": null,
                    "primary_blob_microsoft_endpoint": null,
                    "primary_blob_microsoft_host": null,
                    "primary_connection_string": "DefaultEndpointsProtocol=https;AccountName=opatesttf;AccountKey=K98Kz0Tj3C8GJdyF7GgLzppPPrZRk0mzKmaN2J1c8QmQp7PwKks8y8nGzVKF7H8FRvuHyQcLhOyM+AStknlMtg==;EndpointSuffix=core.windows.net",
                    "primary_dfs_endpoint": "https://opatesttf.dfs.core.windows.net/",
                    "primary_dfs_host": "opatesttf.dfs.core.windows.net",
                    "primary_dfs_internet_endpoint": null,
                    "primary_dfs_internet_host": null,
                    "primary_dfs_microsoft_endpoint": null,
                    "primary_dfs_microsoft_host": null,
                    "primary_file_endpoint": "https://opatesttf.file.core.windows.net/",
                    "primary_file_host": "opatesttf.file.core.windows.net",
                    "primary_file_internet_endpoint": null,
                    "primary_file_internet_host": null,
                    "primary_file_microsoft_endpoint": null,
                    "primary_file_microsoft_host": null,
                    "primary_location": "westus",
                    "primary_queue_endpoint": "https://opatesttf.queue.core.windows.net/",
                    "primary_queue_host": "opatesttf.queue.core.windows.net",
                    "primary_queue_microsoft_endpoint": null,
                    "primary_queue_microsoft_host": null,
                    "primary_table_endpoint": "https://opatesttf.table.core.windows.net/",
                    "primary_table_host": "opatesttf.table.core.windows.net",
                    "primary_table_microsoft_endpoint": null,
                    "primary_table_microsoft_host": null,
                    "primary_web_endpoint": "https://opatesttf.z22.web.core.windows.net/",
                    "primary_web_host": "opatesttf.z22.web.core.windows.net",
                    "primary_web_internet_endpoint": null,
                    "primary_web_internet_host": null,
                    "primary_web_microsoft_endpoint": null,
                    "primary_web_microsoft_host": null,
                    "public_network_access_enabled": true,
                    "queue_encryption_key_type": "Service",
                    "queue_properties": [
                        {
                            "cors_rule": [],
                            "hour_metrics": [
                                {
                                    "enabled": true,
                                    "include_apis": true,
                                    "retention_policy_days": 7,
                                    "version": "1.0"
                                }
                            ],
                            "logging": [
                                {
                                    "delete": false,
                                    "read": false,
                                    "retention_policy_days": 0,
                                    "version": "1.0",
                                    "write": false
                                }
                            ],
                            "minute_metrics": [
                                {
                                    "enabled": false,
                                    "include_apis": false,
                                    "retention_policy_days": 0,
                                    "version": "1.0"
                                }
                            ]
                        }
                    ],
                    "resource_group_name": "opa-test",
                    "routing": [],
                    "sas_policy": [],
                    "secondary_access_key": "S5lM+vwoF5eSHsG9NPI9apqsf3jl3kA2gsDAKYNpxVOM45bJegJU92pkKdjc9z1GBS9mxoOD5e4B+AStj4r0Ag==",
                    "secondary_blob_connection_string": "",
                    "secondary_blob_endpoint": null,
                    "secondary_blob_host": null,
                    "secondary_blob_internet_endpoint": null,
                    "secondary_blob_internet_host": null,
                    "secondary_blob_microsoft_endpoint": null,
                    "secondary_blob_microsoft_host": null,
                    "secondary_connection_string": "DefaultEndpointsProtocol=https;AccountName=opatesttf;AccountKey=S5lM+vwoF5eSHsG9NPI9apqsf3jl3kA2gsDAKYNpxVOM45bJegJU92pkKdjc9z1GBS9mxoOD5e4B+AStj4r0Ag==;EndpointSuffix=core.windows.net",
                    "secondary_dfs_endpoint": null,
                    "secondary_dfs_host": null,
                    "secondary_dfs_internet_endpoint": null,
                    "secondary_dfs_internet_host": null,
                    "secondary_dfs_microsoft_endpoint": null,
                    "secondary_dfs_microsoft_host": null,
                    "secondary_file_endpoint": null,
                    "secondary_file_host": null,
                    "secondary_file_internet_endpoint": null,
                    "secondary_file_internet_host": null,
                    "secondary_file_microsoft_endpoint": null,
                    "secondary_file_microsoft_host": null,
                    "secondary_location": "eastus",
                    "secondary_queue_endpoint": null,
                    "secondary_queue_host": null,
                    "secondary_queue_microsoft_endpoint": null,
                    "secondary_queue_microsoft_host": null,
                    "secondary_table_endpoint": null,
                    "secondary_table_host": null,
                    "secondary_table_microsoft_endpoint": null,
                    "secondary_table_microsoft_host": null,
                    "secondary_web_endpoint": null,
                    "secondary_web_host": null,
                    "secondary_web_internet_endpoint": null,
                    "secondary_web_internet_host": null,
                    "secondary_web_microsoft_endpoint": null,
                    "secondary_web_microsoft_host": null,
                    "sftp_enabled": false,
                    "share_properties": [
                        {
                            "cors_rule": [],
                            "retention_policy": [
                                {
                                    "days": 7
                                }
                            ],
                            "smb": []
                        }
                    ],
                    "shared_access_key_enabled": true,
                    "static_website": [],
                    "table_encryption_key_type": "Service",
                    "tags": {
                        "environment": "dev",
                        "project": "opa"
                    },
                    "timeouts": null
                },
                "after": {
                    "access_tier": "Hot",
                    "account_kind": "StorageV2",
                    "account_replication_type": "GRS",
                    "account_tier": "Standard",
                    "allow_nested_items_to_be_public": true,
                    "allowed_copy_scope": "",
                    "azure_files_authentication": [],
                    "blob_properties": [
                        {
                            "change_feed_enabled": false,
                            "change_feed_retention_in_days": 0,
                            "container_delete_retention_policy": [],
                            "cors_rule": [],
                            "default_service_version": "",
                            "delete_retention_policy": [],
                            "last_access_time_enabled": false,
                            "restore_policy": [],
                            "versioning_enabled": false
                        }
                    ],
                    "cross_tenant_replication_enabled": true,
                    "custom_domain": [],
                    "customer_managed_key": [],
                    "default_to_oauth_authentication": false,
                    "dns_endpoint_type": "Standard",
                    "edge_zone": "",
                    "https_traffic_only_enabled": true,
                    "id": "/subscriptions/6a18591d-f445-43a2-b12a-1f1f9b4e3238/resourceGroups/opa-test/providers/Microsoft.Storage/storageAccounts/opatesttf",
                    "identity": [],
                    "immutability_policy": [],
                    "infrastructure_encryption_enabled": false,
                    "is_hns_enabled": false,
                    "large_file_share_enabled": false,
                    "local_user_enabled": true,
                    "location": "westus",
                    "min_tls_version": "TLS1_2",
                    "name": "opatesttf",
                    "network_rules": [],
                    "nfsv3_enabled": false,
                    "primary_access_key": "K98Kz0Tj3C8GJdyF7GgLzppPPrZRk0mzKmaN2J1c8QmQp7PwKks8y8nGzVKF7H8FRvuHyQcLhOyM+AStknlMtg==",
                    "primary_blob_connection_string": "DefaultEndpointsProtocol=https;BlobEndpoint=https://opatesttf.blob.core.windows.net/;AccountName=opatesttf;AccountKey=K98Kz0Tj3C8GJdyF7GgLzppPPrZRk0mzKmaN2J1c8QmQp7PwKks8y8nGzVKF7H8FRvuHyQcLhOyM+AStknlMtg==",
                    "primary_blob_endpoint": "https://opatesttf.blob.core.windows.net/",
                    "primary_blob_host": "opatesttf.blob.core.windows.net",
                    "primary_blob_internet_endpoint": "",
                    "primary_blob_internet_host": "",
                    "primary_blob_microsoft_endpoint": "",
                    "primary_blob_microsoft_host": "",
                    "primary_connection_string": "DefaultEndpointsProtocol=https;AccountName=opatesttf;AccountKey=K98Kz0Tj3C8GJdyF7GgLzppPPrZRk0mzKmaN2J1c8QmQp7PwKks8y8nGzVKF7H8FRvuHyQcLhOyM+AStknlMtg==;EndpointSuffix=core.windows.net",
                    "primary_dfs_endpoint": "https://opatesttf.dfs.core.windows.net/",
                    "primary_dfs_host": "opatesttf.dfs.core.windows.net",
                    "primary_dfs_internet_endpoint": "",
                    "primary_dfs_internet_host": "",
                    "primary_dfs_microsoft_endpoint": "",
                    "primary_dfs_microsoft_host": "",
                    "primary_file_endpoint": "https://opatesttf.file.core.windows.net/",
                    "primary_file_host": "opatesttf.file.core.windows.net",
                    "primary_file_internet_endpoint": "",
                    "primary_file_internet_host": "",
                    "primary_file_microsoft_endpoint": "",
                    "primary_file_microsoft_host": "",
                    "primary_location": "westus",
                    "primary_queue_endpoint": "https://opatesttf.queue.core.windows.net/",
                    "primary_queue_host": "opatesttf.queue.core.windows.net",
                    "primary_queue_microsoft_endpoint": "",
                    "primary_queue_microsoft_host": "",
                    "primary_table_endpoint": "https://opatesttf.table.core.windows.net/",
                    "primary_table_host": "opatesttf.table.core.windows.net",
                    "primary_table_microsoft_endpoint": "",
                    "primary_table_microsoft_host": "",
                    "primary_web_endpoint": "https://opatesttf.z22.web.core.windows.net/",
                    "primary_web_host": "opatesttf.z22.web.core.windows.net",
                    "primary_web_internet_endpoint": "",
                    "primary_web_internet_host": "",
                    "primary_web_microsoft_endpoint": "",
                    "primary_web_microsoft_host": "",
                    "public_network_access_enabled": true,
                    "queue_encryption_key_type": "Service",
                    "queue_properties": [
                        {
                            "cors_rule": [],
                            "hour_metrics": [
                                {
                                    "enabled": true,
                                    "include_apis": true,
                                    "retention_policy_days": 7,
                                    "version": "1.0"
                                }
                            ],
                            "logging": [
                                {
                                    "delete": false,
                                    "read": false,
                                    "retention_policy_days": 0,
                                    "version": "1.0",
                                    "write": false
                                }
                            ],
                            "minute_metrics": [
                                {
                                    "enabled": false,
                                    "include_apis": false,
                                    "retention_policy_days": 0,
                                    "version": "1.0"
                                }
                            ]
                        }
                    ],
                    "resource_group_name": "opa-test",
                    "routing": [],
                    "sas_policy": [],
                    "secondary_access_key": "S5lM+vwoF5eSHsG9NPI9apqsf3jl3kA2gsDAKYNpxVOM45bJegJU92pkKdjc9z1GBS9mxoOD5e4B+AStj4r0Ag==",
                    "secondary_blob_connection_string": "",
                    "secondary_blob_endpoint": "",
                    "secondary_blob_host": "",
                    "secondary_blob_internet_endpoint": "",
                    "secondary_blob_internet_host": "",
                    "secondary_blob_microsoft_endpoint": "",
                    "secondary_blob_microsoft_host": "",
                    "secondary_connection_string": "DefaultEndpointsProtocol=https;AccountName=opatesttf;AccountKey=S5lM+vwoF5eSHsG9NPI9apqsf3jl3kA2gsDAKYNpxVOM45bJegJU92pkKdjc9z1GBS9mxoOD5e4B+AStj4r0Ag==;EndpointSuffix=core.windows.net",
                    "secondary_dfs_endpoint": "",
                    "secondary_dfs_host": "",
                    "secondary_dfs_internet_endpoint": "",
                    "secondary_dfs_internet_host": "",
                    "secondary_dfs_microsoft_endpoint": "",
                    "secondary_dfs_microsoft_host": "",
                    "secondary_file_endpoint": "",
                    "secondary_file_host": "",
                    "secondary_file_internet_endpoint": "",
                    "secondary_file_internet_host": "",
                    "secondary_file_microsoft_endpoint": "",
                    "secondary_file_microsoft_host": "",
                    "secondary_location": "eastus",
                    "secondary_queue_endpoint": "",
                    "secondary_queue_host": "",
                    "secondary_queue_microsoft_endpoint": "",
                    "secondary_queue_microsoft_host": "",
                    "secondary_table_endpoint": "",
                    "secondary_table_host": "",
                    "secondary_table_microsoft_endpoint": "",
                    "secondary_table_microsoft_host": "",
                    "secondary_web_endpoint": "",
                    "secondary_web_host": "",
                    "secondary_web_internet_endpoint": "",
                    "secondary_web_internet_host": "",
                    "secondary_web_microsoft_endpoint": "",
                    "secondary_web_microsoft_host": "",
                    "sftp_enabled": false,
                    "share_properties": [
                        {
                            "cors_rule": [],
                            "retention_policy": [
                                {
                                    "days": 7
                                }
                            ],
                            "smb": []
                        }
                    ],
                    "shared_access_key_enabled": true,
                    "static_website": [],
                    "table_encryption_key_type": "Service",
                    "tags": {
                        "environment": "dev",
                        "project": "opa"
                    },
                    "timeouts": null
                },
                "after_unknown": {},
                "before_sensitive": {
                    "azure_files_authentication": [],
                    "blob_properties": [
                        {
                            "container_delete_retention_policy": [],
                            "cors_rule": [],
                            "delete_retention_policy": [],
                            "restore_policy": []
                        }
                    ],
                    "custom_domain": [],
                    "customer_managed_key": [],
                    "identity": [],
                    "immutability_policy": [],
                    "network_rules": [
                        {
                            "bypass": [
                                false
                            ],
                            "ip_rules": [],
                            "private_link_access": [],
                            "virtual_network_subnet_ids": []
                        }
                    ],
                    "primary_access_key": true,
                    "primary_blob_connection_string": true,
                    "primary_connection_string": true,
                    "queue_properties": [
                        {
                            "cors_rule": [],
                            "hour_metrics": [
                                {}
                            ],
                            "logging": [
                                {}
                            ],
                            "minute_metrics": [
                                {}
                            ]
                        }
                    ],
                    "routing": [],
                    "sas_policy": [],
                    "secondary_access_key": true,
                    "secondary_blob_connection_string": true,
                    "secondary_connection_string": true,
                    "share_properties": [
                        {
                            "cors_rule": [],
                            "retention_policy": [
                                {}
                            ],
                            "smb": []
                        }
                    ],
                    "static_website": [],
                    "tags": {}
                },
                "after_sensitive": {
                    "azure_files_authentication": [],
                    "blob_properties": [
                        {
                            "container_delete_retention_policy": [],
                            "cors_rule": [],
                            "delete_retention_policy": [],
                            "restore_policy": []
                        }
                    ],
                    "custom_domain": [],
                    "customer_managed_key": [],
                    "identity": [],
                    "immutability_policy": [],
                    "network_rules": [],
                    "primary_access_key": true,
                    "primary_blob_connection_string": true,
                    "primary_connection_string": true,
                    "queue_properties": [
                        {
                            "cors_rule": [],
                            "hour_metrics": [
                                {}
                            ],
                            "logging": [
                                {}
                            ],
                            "minute_metrics": [
                                {}
                            ]
                        }
                    ],
                    "routing": [],
                    "sas_policy": [],
                    "secondary_access_key": true,
                    "secondary_blob_connection_string": true,
                    "secondary_connection_string": true,
                    "share_properties": [
                        {
                            "cors_rule": [],
                            "retention_policy": [
                                {}
                            ],
                            "smb": []
                        }
                    ],
                    "static_website": [],
                    "tags": {}
                }
            }
        },
        {
            "address": "azurerm_subnet.main[\"subnet1\"]",
            "mode": "managed",
            "type": "azurerm_subnet",
            "name": "main",
            "index": "subnet1",
            "provider_name": "registry.terraform.io/hashicorp/azurerm",
            "change": {
                "actions": [
                    "update"
                ],
                "before": {
                    "address_prefixes": [
                        "10.0.0.0/24"
                    ],
                    "default_outbound_access_enabled": null,
                    "delegation": [],
                    "id": "/subscriptions/6a18591d-f445-43a2-b12a-1f1f9b4e3238/resourceGroups/opa-test/providers/Microsoft.Network/virtualNetworks/opa-test/subnets/subnet1",
                    "name": "subnet1",
                    "private_endpoint_network_policies": null,
                    "private_link_service_network_policies_enabled": true,
                    "resource_group_name": "opa-test",
                    "service_endpoint_policy_ids": [],
                    "service_endpoints": [],
                    "timeouts": null,
                    "virtual_network_name": "opa-test"
                },
                "after": {
                    "address_prefixes": [
                        "10.0.0.0/24"
                    ],
                    "default_outbound_access_enabled": true,
                    "delegation": [],
                    "id": "/subscriptions/6a18591d-f445-43a2-b12a-1f1f9b4e3238/resourceGroups/opa-test/providers/Microsoft.Network/virtualNetworks/opa-test/subnets/subnet1",
                    "name": "subnet1",
                    "private_endpoint_network_policies": "Enabled",
                    "private_link_service_network_policies_enabled": true,
                    "resource_group_name": "opa-test",
                    "service_endpoint_policy_ids": [],
                    "service_endpoints": [],
                    "timeouts": null,
                    "virtual_network_name": "opa-test"
                },
                "after_unknown": {},
                "before_sensitive": {
                    "address_prefixes": [
                        false
                    ],
                    "delegation": [],
                    "service_endpoint_policy_ids": [],
                    "service_endpoints": []
                },
                "after_sensitive": {
                    "address_prefixes": [
                        false
                    ],
                    "delegation": [],
                    "service_endpoint_policy_ids": [],
                    "service_endpoints": []
                }
            }
        },
        {
            "address": "azurerm_subnet.main[\"subnet2\"]",
            "mode": "managed",
            "type": "azurerm_subnet",
            "name": "main",
            "index": "subnet2",
            "provider_name": "registry.terraform.io/hashicorp/azurerm",
            "change": {
                "actions": [
                    "update"
                ],
                "before": {
                    "address_prefixes": [
                        "10.0.1.0/24"
                    ],
                    "default_outbound_access_enabled": null,
                    "delegation": [],
                    "id": "/subscriptions/6a18591d-f445-43a2-b12a-1f1f9b4e3238/resourceGroups/opa-test/providers/Microsoft.Network/virtualNetworks/opa-test/subnets/subnet2",
                    "name": "subnet2",
                    "private_endpoint_network_policies": null,
                    "private_link_service_network_policies_enabled": true,
                    "resource_group_name": "opa-test",
                    "service_endpoint_policy_ids": [],
                    "service_endpoints": [],
                    "timeouts": null,
                    "virtual_network_name": "opa-test"
                },
                "after": {
                    "address_prefixes": [
                        "10.0.1.0/24"
                    ],
                    "default_outbound_access_enabled": true,
                    "delegation": [],
                    "id": "/subscriptions/6a18591d-f445-43a2-b12a-1f1f9b4e3238/resourceGroups/opa-test/providers/Microsoft.Network/virtualNetworks/opa-test/subnets/subnet2",
                    "name": "subnet2",
                    "private_endpoint_network_policies": "Enabled",
                    "private_link_service_network_policies_enabled": true,
                    "resource_group_name": "opa-test",
                    "service_endpoint_policy_ids": [],
                    "service_endpoints": [],
                    "timeouts": null,
                    "virtual_network_name": "opa-test"
                },
                "after_unknown": {},
                "before_sensitive": {
                    "address_prefixes": [
                        false
                    ],
                    "delegation": [],
                    "service_endpoint_policy_ids": [],
                    "service_endpoints": []
                },
                "after_sensitive": {
                    "address_prefixes": [
                        false
                    ],
                    "delegation": [],
                    "service_endpoint_policy_ids": [],
                    "service_endpoints": []
                }
            }
        },
        {
            "address": "azurerm_virtual_network.main",
            "mode": "managed",
            "type": "azurerm_virtual_network",
            "name": "main",
            "provider_name": "registry.terraform.io/hashicorp/azurerm",
            "change": {
                "actions": [
                    "update"
                ],
                "before": {
                    "address_space": [
                        "10.0.0.0/16"
                    ],
                    "bgp_community": "",
                    "ddos_protection_plan": [],
                    "dns_servers": [],
                    "edge_zone": "",
                    "encryption": [],
                    "flow_timeout_in_minutes": 0,
                    "guid": "ac17daa1-2140-45f3-9291-d9f5d67f76e0",
                    "id": "/subscriptions/6a18591d-f445-43a2-b12a-1f1f9b4e3238/resourceGroups/opa-test/providers/Microsoft.Network/virtualNetworks/opa-test",
                    "location": "westus",
                    "name": "opa-test",
                    "resource_group_name": "opa-test",
                    "subnet": [
                        {
                            "address_prefixes": null,
                            "default_outbound_access_enabled": null,
                            "delegation": null,
                            "id": "/subscriptions/6a18591d-f445-43a2-b12a-1f1f9b4e3238/resourceGroups/opa-test/providers/Microsoft.Network/virtualNetworks/opa-test/subnets/subnet1",
                            "name": "subnet1",
                            "private_endpoint_network_policies": null,
                            "private_link_service_network_policies_enabled": null,
                            "route_table_id": null,
                            "security_group": "",
                            "service_endpoint_policy_ids": null,
                            "service_endpoints": null
                        },
                        {
                            "address_prefixes": null,
                            "default_outbound_access_enabled": null,
                            "delegation": null,
                            "id": "/subscriptions/6a18591d-f445-43a2-b12a-1f1f9b4e3238/resourceGroups/opa-test/providers/Microsoft.Network/virtualNetworks/opa-test/subnets/subnet2",
                            "name": "subnet2",
                            "private_endpoint_network_policies": null,
                            "private_link_service_network_policies_enabled": null,
                            "route_table_id": null,
                            "security_group": "",
                            "service_endpoint_policy_ids": null,
                            "service_endpoints": null
                        }
                    ],
                    "tags": {
                        "environment": "dev",
                        "project": "opa"
                    },
                    "timeouts": null
                },
                "after": {
                    "address_space": [
                        "10.0.0.0/16"
                    ],
                    "bgp_community": "",
                    "ddos_protection_plan": [],
                    "dns_servers": [],
                    "edge_zone": "",
                    "encryption": [],
                    "flow_timeout_in_minutes": 0,
                    "guid": "ac17daa1-2140-45f3-9291-d9f5d67f76e0",
                    "id": "/subscriptions/6a18591d-f445-43a2-b12a-1f1f9b4e3238/resourceGroups/opa-test/providers/Microsoft.Network/virtualNetworks/opa-test",
                    "location": "westus",
                    "name": "opa-test",
                    "resource_group_name": "opa-test",
                    "subnet": [
                        {
                            "address_prefixes": [
                                "10.0.0.0/24"
                            ],
                            "default_outbound_access_enabled": false,
                            "delegation": [],
                            "id": "/subscriptions/6a18591d-f445-43a2-b12a-1f1f9b4e3238/resourceGroups/opa-test/providers/Microsoft.Network/virtualNetworks/opa-test/subnets/subnet1",
                            "name": "subnet1",
                            "private_endpoint_network_policies": "Enabled",
                            "private_link_service_network_policies_enabled": true,
                            "route_table_id": "",
                            "security_group": "",
                            "service_endpoint_policy_ids": [],
                            "service_endpoints": []
                        },
                        {
                            "address_prefixes": [
                                "10.0.1.0/24"
                            ],
                            "default_outbound_access_enabled": false,
                            "delegation": [],
                            "id": "/subscriptions/6a18591d-f445-43a2-b12a-1f1f9b4e3238/resourceGroups/opa-test/providers/Microsoft.Network/virtualNetworks/opa-test/subnets/subnet2",
                            "name": "subnet2",
                            "private_endpoint_network_policies": "Enabled",
                            "private_link_service_network_policies_enabled": true,
                            "route_table_id": "",
                            "security_group": "",
                            "service_endpoint_policy_ids": [],
                            "service_endpoints": []
                        }
                    ],
                    "tags": {
                        "environment": "dev",
                        "project": "opa"
                    },
                    "timeouts": null
                },
                "after_unknown": {},
                "before_sensitive": {
                    "address_space": [
                        false
                    ],
                    "ddos_protection_plan": [],
                    "dns_servers": [],
                    "encryption": [],
                    "subnet": [
                        {},
                        {}
                    ],
                    "tags": {}
                },
                "after_sensitive": {
                    "address_space": [
                        false
                    ],
                    "ddos_protection_plan": [],
                    "dns_servers": [],
                    "encryption": [],
                    "subnet": [
                        {
                            "address_prefixes": [
                                false
                            ],
                            "delegation": [],
                            "service_endpoint_policy_ids": [],
                            "service_endpoints": []
                        },
                        {
                            "address_prefixes": [
                                false
                            ],
                            "delegation": [],
                            "service_endpoint_policy_ids": [],
                            "service_endpoints": []
                        }
                    ],
                    "tags": {}
                }
            }
        }
    ],
    "resource_changes": [
        {
            "address": "azurerm_application_security_group.NSG",
            "mode": "managed",
            "type": "azurerm_application_security_group",
            "name": "NSG",
            "provider_name": "registry.terraform.io/hashicorp/azurerm",
            "change": {
                "actions": [
                    "create"
                ],
                "before": null,
                "after": {
                    "location": "westus",
                    "name": "NSG",
                    "resource_group_name": "opa-test",
                    "tags": {
                        "environment": "dev",
                        "project": "opa"
                    },
                    "timeouts": null
                },
                "after_unknown": {
                    "id": true,
                    "tags": {}
                },
                "before_sensitive": false,
                "after_sensitive": {
                    "tags": {}
                }
            }
        },
        {
            "address": "azurerm_resource_group.main",
            "mode": "managed",
            "type": "azurerm_resource_group",
            "name": "main",
            "provider_name": "registry.terraform.io/hashicorp/azurerm",
            "change": {
                "actions": [
                    "delete"
                ],
                "before": {
                    "id": "/subscriptions/6a18591d-f445-43a2-b12a-1f1f9b4e3238/resourceGroups/opa-test",
                    "location": "westus",
                    "managed_by": "",
                    "name": "opa-test",
                    "tags": {
                        "environment": "dev",
                        "project": "opa"
                    },
                    "timeouts": null
                },
                "after": null,
                "after_unknown": {},
                "before_sensitive": {
                    "tags": {}
                },
                "after_sensitive": false
            },
            "action_reason": "delete_because_no_resource_config"
        },
        {
            "address": "azurerm_resource_group.opa-test",
            "mode": "managed",
            "type": "azurerm_resource_group",
            "name": "opa-test",
            "provider_name": "registry.terraform.io/hashicorp/azurerm",
            "change": {
                "actions": [
                    "create"
                ],
                "before": null,
                "after": {
                    "location": "westus",
                    "managed_by": null,
                    "name": "opa-test",
                    "tags": {
                        "environment": "dev",
                        "project": "opa"
                    },
                    "timeouts": null
                },
                "after_unknown": {
                    "id": true,
                    "tags": {}
                },
                "before_sensitive": false,
                "after_sensitive": {
                    "tags": {}
                }
            }
        },
        {
            "address": "azurerm_storage_account.example[\"examplestoracct1\"]",
            "mode": "managed",
            "type": "azurerm_storage_account",
            "name": "example",
            "index": "examplestoracct1",
            "provider_name": "registry.terraform.io/hashicorp/azurerm",
            "change": {
                "actions": [
                    "create"
                ],
                "before": null,
                "after": {
                    "account_kind": "StorageV2",
                    "account_replication_type": "LRS",
                    "account_tier": "Standard",
                    "allow_nested_items_to_be_public": true,
                    "allowed_copy_scope": null,
                    "azure_files_authentication": [],
                    "cross_tenant_replication_enabled": false,
                    "custom_domain": [],
                    "customer_managed_key": [],
                    "default_to_oauth_authentication": false,
                    "dns_endpoint_type": "Standard",
                    "edge_zone": null,
                    "https_traffic_only_enabled": true,
                    "identity": [],
                    "immutability_policy": [],
                    "infrastructure_encryption_enabled": false,
                    "is_hns_enabled": false,
                    "local_user_enabled": true,
                    "location": "westus",
                    "min_tls_version": "TLS1_2",
                    "name": "examplestoracct1",
                    "nfsv3_enabled": false,
                    "public_network_access_enabled": true,
                    "queue_encryption_key_type": "Service",
                    "resource_group_name": "opa-test",
                    "sas_policy": [],
                    "sftp_enabled": false,
                    "shared_access_key_enabled": true,
                    "static_website": [],
                    "table_encryption_key_type": "Service",
                    "tags": null,
                    "timeouts": null
                },
                "after_unknown": {
                    "access_tier": true,
                    "azure_files_authentication": [],
                    "blob_properties": true,
                    "custom_domain": [],
                    "customer_managed_key": [],
                    "id": true,
                    "identity": [],
                    "immutability_policy": [],
                    "large_file_share_enabled": true,
                    "network_rules": true,
                    "primary_access_key": true,
                    "primary_blob_connection_string": true,
                    "primary_blob_endpoint": true,
                    "primary_blob_host": true,
                    "primary_blob_internet_endpoint": true,
                    "primary_blob_internet_host": true,
                    "primary_blob_microsoft_endpoint": true,
                    "primary_blob_microsoft_host": true,
                    "primary_connection_string": true,
                    "primary_dfs_endpoint": true,
                    "primary_dfs_host": true,
                    "primary_dfs_internet_endpoint": true,
                    "primary_dfs_internet_host": true,
                    "primary_dfs_microsoft_endpoint": true,
                    "primary_dfs_microsoft_host": true,
                    "primary_file_endpoint": true,
                    "primary_file_host": true,
                    "primary_file_internet_endpoint": true,
                    "primary_file_internet_host": true,
                    "primary_file_microsoft_endpoint": true,
                    "primary_file_microsoft_host": true,
                    "primary_location": true,
                    "primary_queue_endpoint": true,
                    "primary_queue_host": true,
                    "primary_queue_microsoft_endpoint": true,
                    "primary_queue_microsoft_host": true,
                    "primary_table_endpoint": true,
                    "primary_table_host": true,
                    "primary_table_microsoft_endpoint": true,
                    "primary_table_microsoft_host": true,
                    "primary_web_endpoint": true,
                    "primary_web_host": true,
                    "primary_web_internet_endpoint": true,
                    "primary_web_internet_host": true,
                    "primary_web_microsoft_endpoint": true,
                    "primary_web_microsoft_host": true,
                    "queue_properties": true,
                    "routing": true,
                    "sas_policy": [],
                    "secondary_access_key": true,
                    "secondary_blob_connection_string": true,
                    "secondary_blob_endpoint": true,
                    "secondary_blob_host": true,
                    "secondary_blob_internet_endpoint": true,
                    "secondary_blob_internet_host": true,
                    "secondary_blob_microsoft_endpoint": true,
                    "secondary_blob_microsoft_host": true,
                    "secondary_connection_string": true,
                    "secondary_dfs_endpoint": true,
                    "secondary_dfs_host": true,
                    "secondary_dfs_internet_endpoint": true,
                    "secondary_dfs_internet_host": true,
                    "secondary_dfs_microsoft_endpoint": true,
                    "secondary_dfs_microsoft_host": true,
                    "secondary_file_endpoint": true,
                    "secondary_file_host": true,
                    "secondary_file_internet_endpoint": true,
                    "secondary_file_internet_host": true,
                    "secondary_file_microsoft_endpoint": true,
                    "secondary_file_microsoft_host": true,
                    "secondary_location": true,
                    "secondary_queue_endpoint": true,
                    "secondary_queue_host": true,
                    "secondary_queue_microsoft_endpoint": true,
                    "secondary_queue_microsoft_host": true,
                    "secondary_table_endpoint": true,
                    "secondary_table_host": true,
                    "secondary_table_microsoft_endpoint": true,
                    "secondary_table_microsoft_host": true,
                    "secondary_web_endpoint": true,
                    "secondary_web_host": true,
                    "secondary_web_internet_endpoint": true,
                    "secondary_web_internet_host": true,
                    "secondary_web_microsoft_endpoint": true,
                    "secondary_web_microsoft_host": true,
                    "share_properties": true,
                    "static_website": []
                },
                "before_sensitive": false,
                "after_sensitive": {
                    "azure_files_authentication": [],
                    "blob_properties": [],
                    "custom_domain": [],
                    "customer_managed_key": [],
                    "identity": [],
                    "immutability_policy": [],
                    "network_rules": [],
                    "primary_access_key": true,
                    "primary_blob_connection_string": true,
                    "primary_connection_string": true,
                    "queue_properties": [],
                    "routing": [],
                    "sas_policy": [],
                    "secondary_access_key": true,
                    "secondary_blob_connection_string": true,
                    "secondary_connection_string": true,
                    "share_properties": [],
                    "static_website": []
                }
            }
        },
        {
            "address": "azurerm_storage_account.example[\"examplestoracct10\"]",
            "mode": "managed",
            "type": "azurerm_storage_account",
            "name": "example",
            "index": "examplestoracct10",
            "provider_name": "registry.terraform.io/hashicorp/azurerm",
            "change": {
                "actions": [
                    "create"
                ],
                "before": null,
                "after": {
                    "account_kind": "StorageV2",
                    "account_replication_type": "LRS",
                    "account_tier": "Standard",
                    "allow_nested_items_to_be_public": true,
                    "allowed_copy_scope": null,
                    "azure_files_authentication": [],
                    "cross_tenant_replication_enabled": false,
                    "custom_domain": [],
                    "customer_managed_key": [],
                    "default_to_oauth_authentication": false,
                    "dns_endpoint_type": "Standard",
                    "edge_zone": null,
                    "https_traffic_only_enabled": true,
                    "identity": [],
                    "immutability_policy": [],
                    "infrastructure_encryption_enabled": false,
                    "is_hns_enabled": false,
                    "local_user_enabled": true,
                    "location": "westus",
                    "min_tls_version": "TLS1_2",
                    "name": "examplestoracct10",
                    "nfsv3_enabled": false,
                    "public_network_access_enabled": true,
                    "queue_encryption_key_type": "Service",
                    "resource_group_name": "opa-test",
                    "sas_policy": [],
                    "sftp_enabled": false,
                    "shared_access_key_enabled": true,
                    "static_website": [],
                    "table_encryption_key_type": "Service",
                    "tags": null,
                    "timeouts": null
                },
                "after_unknown": {
                    "access_tier": true,
                    "azure_files_authentication": [],
                    "blob_properties": true,
                    "custom_domain": [],
                    "customer_managed_key": [],
                    "id": true,
                    "identity": [],
                    "immutability_policy": [],
                    "large_file_share_enabled": true,
                    "network_rules": true,
                    "primary_access_key": true,
                    "primary_blob_connection_string": true,
                    "primary_blob_endpoint": true,
                    "primary_blob_host": true,
                    "primary_blob_internet_endpoint": true,
                    "primary_blob_internet_host": true,
                    "primary_blob_microsoft_endpoint": true,
                    "primary_blob_microsoft_host": true,
                    "primary_connection_string": true,
                    "primary_dfs_endpoint": true,
                    "primary_dfs_host": true,
                    "primary_dfs_internet_endpoint": true,
                    "primary_dfs_internet_host": true,
                    "primary_dfs_microsoft_endpoint": true,
                    "primary_dfs_microsoft_host": true,
                    "primary_file_endpoint": true,
                    "primary_file_host": true,
                    "primary_file_internet_endpoint": true,
                    "primary_file_internet_host": true,
                    "primary_file_microsoft_endpoint": true,
                    "primary_file_microsoft_host": true,
                    "primary_location": true,
                    "primary_queue_endpoint": true,
                    "primary_queue_host": true,
                    "primary_queue_microsoft_endpoint": true,
                    "primary_queue_microsoft_host": true,
                    "primary_table_endpoint": true,
                    "primary_table_host": true,
                    "primary_table_microsoft_endpoint": true,
                    "primary_table_microsoft_host": true,
                    "primary_web_endpoint": true,
                    "primary_web_host": true,
                    "primary_web_internet_endpoint": true,
                    "primary_web_internet_host": true,
                    "primary_web_microsoft_endpoint": true,
                    "primary_web_microsoft_host": true,
                    "queue_properties": true,
                    "routing": true,
                    "sas_policy": [],
                    "secondary_access_key": true,
                    "secondary_blob_connection_string": true,
                    "secondary_blob_endpoint": true,
                    "secondary_blob_host": true,
                    "secondary_blob_internet_endpoint": true,
                    "secondary_blob_internet_host": true,
                    "secondary_blob_microsoft_endpoint": true,
                    "secondary_blob_microsoft_host": true,
                    "secondary_connection_string": true,
                    "secondary_dfs_endpoint": true,
                    "secondary_dfs_host": true,
                    "secondary_dfs_internet_endpoint": true,
                    "secondary_dfs_internet_host": true,
                    "secondary_dfs_microsoft_endpoint": true,
                    "secondary_dfs_microsoft_host": true,
                    "secondary_file_endpoint": true,
                    "secondary_file_host": true,
                    "secondary_file_internet_endpoint": true,
                    "secondary_file_internet_host": true,
                    "secondary_file_microsoft_endpoint": true,
                    "secondary_file_microsoft_host": true,
                    "secondary_location": true,
                    "secondary_queue_endpoint": true,
                    "secondary_queue_host": true,
                    "secondary_queue_microsoft_endpoint": true,
                    "secondary_queue_microsoft_host": true,
                    "secondary_table_endpoint": true,
                    "secondary_table_host": true,
                    "secondary_table_microsoft_endpoint": true,
                    "secondary_table_microsoft_host": true,
                    "secondary_web_endpoint": true,
                    "secondary_web_host": true,
                    "secondary_web_internet_endpoint": true,
                    "secondary_web_internet_host": true,
                    "secondary_web_microsoft_endpoint": true,
                    "secondary_web_microsoft_host": true,
                    "share_properties": true,
                    "static_website": []
                },
                "before_sensitive": false,
                "after_sensitive": {
                    "azure_files_authentication": [],
                    "blob_properties": [],
                    "custom_domain": [],
                    "customer_managed_key": [],
                    "identity": [],
                    "immutability_policy": [],
                    "network_rules": [],
                    "primary_access_key": true,
                    "primary_blob_connection_string": true,
                    "primary_connection_string": true,
                    "queue_properties": [],
                    "routing": [],
                    "sas_policy": [],
                    "secondary_access_key": true,
                    "secondary_blob_connection_string": true,
                    "secondary_connection_string": true,
                    "share_properties": [],
                    "static_website": []
                }
            }
        },
        {
            "address": "azurerm_storage_account.example[\"examplestoracct11\"]",
            "mode": "managed",
            "type": "azurerm_storage_account",
            "name": "example",
            "index": "examplestoracct11",
            "provider_name": "registry.terraform.io/hashicorp/azurerm",
            "change": {
                "actions": [
                    "create"
                ],
                "before": null,
                "after": {
                    "account_kind": "StorageV2",
                    "account_replication_type": "LRS",
                    "account_tier": "Standard",
                    "allow_nested_items_to_be_public": true,
                    "allowed_copy_scope": null,
                    "azure_files_authentication": [],
                    "cross_tenant_replication_enabled": false,
                    "custom_domain": [],
                    "customer_managed_key": [],
                    "default_to_oauth_authentication": false,
                    "dns_endpoint_type": "Standard",
                    "edge_zone": null,
                    "https_traffic_only_enabled": true,
                    "identity": [],
                    "immutability_policy": [],
                    "infrastructure_encryption_enabled": false,
                    "is_hns_enabled": false,
                    "local_user_enabled": true,
                    "location": "westus",
                    "min_tls_version": "TLS1_2",
                    "name": "examplestoracct11",
                    "nfsv3_enabled": false,
                    "public_network_access_enabled": true,
                    "queue_encryption_key_type": "Service",
                    "resource_group_name": "opa-test",
                    "sas_policy": [],
                    "sftp_enabled": false,
                    "shared_access_key_enabled": true,
                    "static_website": [],
                    "table_encryption_key_type": "Service",
                    "tags": null,
                    "timeouts": null
                },
                "after_unknown": {
                    "access_tier": true,
                    "azure_files_authentication": [],
                    "blob_properties": true,
                    "custom_domain": [],
                    "customer_managed_key": [],
                    "id": true,
                    "identity": [],
                    "immutability_policy": [],
                    "large_file_share_enabled": true,
                    "network_rules": true,
                    "primary_access_key": true,
                    "primary_blob_connection_string": true,
                    "primary_blob_endpoint": true,
                    "primary_blob_host": true,
                    "primary_blob_internet_endpoint": true,
                    "primary_blob_internet_host": true,
                    "primary_blob_microsoft_endpoint": true,
                    "primary_blob_microsoft_host": true,
                    "primary_connection_string": true,
                    "primary_dfs_endpoint": true,
                    "primary_dfs_host": true,
                    "primary_dfs_internet_endpoint": true,
                    "primary_dfs_internet_host": true,
                    "primary_dfs_microsoft_endpoint": true,
                    "primary_dfs_microsoft_host": true,
                    "primary_file_endpoint": true,
                    "primary_file_host": true,
                    "primary_file_internet_endpoint": true,
                    "primary_file_internet_host": true,
                    "primary_file_microsoft_endpoint": true,
                    "primary_file_microsoft_host": true,
                    "primary_location": true,
                    "primary_queue_endpoint": true,
                    "primary_queue_host": true,
                    "primary_queue_microsoft_endpoint": true,
                    "primary_queue_microsoft_host": true,
                    "primary_table_endpoint": true,
                    "primary_table_host": true,
                    "primary_table_microsoft_endpoint": true,
                    "primary_table_microsoft_host": true,
                    "primary_web_endpoint": true,
                    "primary_web_host": true,
                    "primary_web_internet_endpoint": true,
                    "primary_web_internet_host": true,
                    "primary_web_microsoft_endpoint": true,
                    "primary_web_microsoft_host": true,
                    "queue_properties": true,
                    "routing": true,
                    "sas_policy": [],
                    "secondary_access_key": true,
                    "secondary_blob_connection_string": true,
                    "secondary_blob_endpoint": true,
                    "secondary_blob_host": true,
                    "secondary_blob_internet_endpoint": true,
                    "secondary_blob_internet_host": true,
                    "secondary_blob_microsoft_endpoint": true,
                    "secondary_blob_microsoft_host": true,
                    "secondary_connection_string": true,
                    "secondary_dfs_endpoint": true,
                    "secondary_dfs_host": true,
                    "secondary_dfs_internet_endpoint": true,
                    "secondary_dfs_internet_host": true,
                    "secondary_dfs_microsoft_endpoint": true,
                    "secondary_dfs_microsoft_host": true,
                    "secondary_file_endpoint": true,
                    "secondary_file_host": true,
                    "secondary_file_internet_endpoint": true,
                    "secondary_file_internet_host": true,
                    "secondary_file_microsoft_endpoint": true,
                    "secondary_file_microsoft_host": true,
                    "secondary_location": true,
                    "secondary_queue_endpoint": true,
                    "secondary_queue_host": true,
                    "secondary_queue_microsoft_endpoint": true,
                    "secondary_queue_microsoft_host": true,
                    "secondary_table_endpoint": true,
                    "secondary_table_host": true,
                    "secondary_table_microsoft_endpoint": true,
                    "secondary_table_microsoft_host": true,
                    "secondary_web_endpoint": true,
                    "secondary_web_host": true,
                    "secondary_web_internet_endpoint": true,
                    "secondary_web_internet_host": true,
                    "secondary_web_microsoft_endpoint": true,
                    "secondary_web_microsoft_host": true,
                    "share_properties": true,
                    "static_website": []
                },
                "before_sensitive": false,
                "after_sensitive": {
                    "azure_files_authentication": [],
                    "blob_properties": [],
                    "custom_domain": [],
                    "customer_managed_key": [],
                    "identity": [],
                    "immutability_policy": [],
                    "network_rules": [],
                    "primary_access_key": true,
                    "primary_blob_connection_string": true,
                    "primary_connection_string": true,
                    "queue_properties": [],
                    "routing": [],
                    "sas_policy": [],
                    "secondary_access_key": true,
                    "secondary_blob_connection_string": true,
                    "secondary_connection_string": true,
                    "share_properties": [],
                    "static_website": []
                }
            }
        },
        {
            "address": "azurerm_storage_account.example[\"examplestoracct2\"]",
            "mode": "managed",
            "type": "azurerm_storage_account",
            "name": "example",
            "index": "examplestoracct2",
            "provider_name": "registry.terraform.io/hashicorp/azurerm",
            "change": {
                "actions": [
                    "create"
                ],
                "before": null,
                "after": {
                    "account_kind": "StorageV2",
                    "account_replication_type": "LRS",
                    "account_tier": "Standard",
                    "allow_nested_items_to_be_public": true,
                    "allowed_copy_scope": null,
                    "azure_files_authentication": [],
                    "cross_tenant_replication_enabled": false,
                    "custom_domain": [],
                    "customer_managed_key": [],
                    "default_to_oauth_authentication": false,
                    "dns_endpoint_type": "Standard",
                    "edge_zone": null,
                    "https_traffic_only_enabled": true,
                    "identity": [],
                    "immutability_policy": [],
                    "infrastructure_encryption_enabled": false,
                    "is_hns_enabled": false,
                    "local_user_enabled": true,
                    "location": "westus",
                    "min_tls_version": "TLS1_2",
                    "name": "examplestoracct2",
                    "nfsv3_enabled": false,
                    "public_network_access_enabled": true,
                    "queue_encryption_key_type": "Service",
                    "resource_group_name": "opa-test",
                    "sas_policy": [],
                    "sftp_enabled": false,
                    "shared_access_key_enabled": true,
                    "static_website": [],
                    "table_encryption_key_type": "Service",
                    "tags": null,
                    "timeouts": null
                },
                "after_unknown": {
                    "access_tier": true,
                    "azure_files_authentication": [],
                    "blob_properties": true,
                    "custom_domain": [],
                    "customer_managed_key": [],
                    "id": true,
                    "identity": [],
                    "immutability_policy": [],
                    "large_file_share_enabled": true,
                    "network_rules": true,
                    "primary_access_key": true,
                    "primary_blob_connection_string": true,
                    "primary_blob_endpoint": true,
                    "primary_blob_host": true,
                    "primary_blob_internet_endpoint": true,
                    "primary_blob_internet_host": true,
                    "primary_blob_microsoft_endpoint": true,
                    "primary_blob_microsoft_host": true,
                    "primary_connection_string": true,
                    "primary_dfs_endpoint": true,
                    "primary_dfs_host": true,
                    "primary_dfs_internet_endpoint": true,
                    "primary_dfs_internet_host": true,
                    "primary_dfs_microsoft_endpoint": true,
                    "primary_dfs_microsoft_host": true,
                    "primary_file_endpoint": true,
                    "primary_file_host": true,
                    "primary_file_internet_endpoint": true,
                    "primary_file_internet_host": true,
                    "primary_file_microsoft_endpoint": true,
                    "primary_file_microsoft_host": true,
                    "primary_location": true,
                    "primary_queue_endpoint": true,
                    "primary_queue_host": true,
                    "primary_queue_microsoft_endpoint": true,
                    "primary_queue_microsoft_host": true,
                    "primary_table_endpoint": true,
                    "primary_table_host": true,
                    "primary_table_microsoft_endpoint": true,
                    "primary_table_microsoft_host": true,
                    "primary_web_endpoint": true,
                    "primary_web_host": true,
                    "primary_web_internet_endpoint": true,
                    "primary_web_internet_host": true,
                    "primary_web_microsoft_endpoint": true,
                    "primary_web_microsoft_host": true,
                    "queue_properties": true,
                    "routing": true,
                    "sas_policy": [],
                    "secondary_access_key": true,
                    "secondary_blob_connection_string": true,
                    "secondary_blob_endpoint": true,
                    "secondary_blob_host": true,
                    "secondary_blob_internet_endpoint": true,
                    "secondary_blob_internet_host": true,
                    "secondary_blob_microsoft_endpoint": true,
                    "secondary_blob_microsoft_host": true,
                    "secondary_connection_string": true,
                    "secondary_dfs_endpoint": true,
                    "secondary_dfs_host": true,
                    "secondary_dfs_internet_endpoint": true,
                    "secondary_dfs_internet_host": true,
                    "secondary_dfs_microsoft_endpoint": true,
                    "secondary_dfs_microsoft_host": true,
                    "secondary_file_endpoint": true,
                    "secondary_file_host": true,
                    "secondary_file_internet_endpoint": true,
                    "secondary_file_internet_host": true,
                    "secondary_file_microsoft_endpoint": true,
                    "secondary_file_microsoft_host": true,
                    "secondary_location": true,
                    "secondary_queue_endpoint": true,
                    "secondary_queue_host": true,
                    "secondary_queue_microsoft_endpoint": true,
                    "secondary_queue_microsoft_host": true,
                    "secondary_table_endpoint": true,
                    "secondary_table_host": true,
                    "secondary_table_microsoft_endpoint": true,
                    "secondary_table_microsoft_host": true,
                    "secondary_web_endpoint": true,
                    "secondary_web_host": true,
                    "secondary_web_internet_endpoint": true,
                    "secondary_web_internet_host": true,
                    "secondary_web_microsoft_endpoint": true,
                    "secondary_web_microsoft_host": true,
                    "share_properties": true,
                    "static_website": []
                },
                "before_sensitive": false,
                "after_sensitive": {
                    "azure_files_authentication": [],
                    "blob_properties": [],
                    "custom_domain": [],
                    "customer_managed_key": [],
                    "identity": [],
                    "immutability_policy": [],
                    "network_rules": [],
                    "primary_access_key": true,
                    "primary_blob_connection_string": true,
                    "primary_connection_string": true,
                    "queue_properties": [],
                    "routing": [],
                    "sas_policy": [],
                    "secondary_access_key": true,
                    "secondary_blob_connection_string": true,
                    "secondary_connection_string": true,
                    "share_properties": [],
                    "static_website": []
                }
            }
        },
        {
            "address": "azurerm_storage_account.example[\"examplestoracct3\"]",
            "mode": "managed",
            "type": "azurerm_storage_account",
            "name": "example",
            "index": "examplestoracct3",
            "provider_name": "registry.terraform.io/hashicorp/azurerm",
            "change": {
                "actions": [
                    "create"
                ],
                "before": null,
                "after": {
                    "account_kind": "StorageV2",
                    "account_replication_type": "LRS",
                    "account_tier": "Standard",
                    "allow_nested_items_to_be_public": true,
                    "allowed_copy_scope": null,
                    "azure_files_authentication": [],
                    "cross_tenant_replication_enabled": false,
                    "custom_domain": [],
                    "customer_managed_key": [],
                    "default_to_oauth_authentication": false,
                    "dns_endpoint_type": "Standard",
                    "edge_zone": null,
                    "https_traffic_only_enabled": true,
                    "identity": [],
                    "immutability_policy": [],
                    "infrastructure_encryption_enabled": false,
                    "is_hns_enabled": false,
                    "local_user_enabled": true,
                    "location": "westus",
                    "min_tls_version": "TLS1_2",
                    "name": "examplestoracct3",
                    "nfsv3_enabled": false,
                    "public_network_access_enabled": true,
                    "queue_encryption_key_type": "Service",
                    "resource_group_name": "opa-test",
                    "sas_policy": [],
                    "sftp_enabled": false,
                    "shared_access_key_enabled": true,
                    "static_website": [],
                    "table_encryption_key_type": "Service",
                    "tags": null,
                    "timeouts": null
                },
                "after_unknown": {
                    "access_tier": true,
                    "azure_files_authentication": [],
                    "blob_properties": true,
                    "custom_domain": [],
                    "customer_managed_key": [],
                    "id": true,
                    "identity": [],
                    "immutability_policy": [],
                    "large_file_share_enabled": true,
                    "network_rules": true,
                    "primary_access_key": true,
                    "primary_blob_connection_string": true,
                    "primary_blob_endpoint": true,
                    "primary_blob_host": true,
                    "primary_blob_internet_endpoint": true,
                    "primary_blob_internet_host": true,
                    "primary_blob_microsoft_endpoint": true,
                    "primary_blob_microsoft_host": true,
                    "primary_connection_string": true,
                    "primary_dfs_endpoint": true,
                    "primary_dfs_host": true,
                    "primary_dfs_internet_endpoint": true,
                    "primary_dfs_internet_host": true,
                    "primary_dfs_microsoft_endpoint": true,
                    "primary_dfs_microsoft_host": true,
                    "primary_file_endpoint": true,
                    "primary_file_host": true,
                    "primary_file_internet_endpoint": true,
                    "primary_file_internet_host": true,
                    "primary_file_microsoft_endpoint": true,
                    "primary_file_microsoft_host": true,
                    "primary_location": true,
                    "primary_queue_endpoint": true,
                    "primary_queue_host": true,
                    "primary_queue_microsoft_endpoint": true,
                    "primary_queue_microsoft_host": true,
                    "primary_table_endpoint": true,
                    "primary_table_host": true,
                    "primary_table_microsoft_endpoint": true,
                    "primary_table_microsoft_host": true,
                    "primary_web_endpoint": true,
                    "primary_web_host": true,
                    "primary_web_internet_endpoint": true,
                    "primary_web_internet_host": true,
                    "primary_web_microsoft_endpoint": true,
                    "primary_web_microsoft_host": true,
                    "queue_properties": true,
                    "routing": true,
                    "sas_policy": [],
                    "secondary_access_key": true,
                    "secondary_blob_connection_string": true,
                    "secondary_blob_endpoint": true,
                    "secondary_blob_host": true,
                    "secondary_blob_internet_endpoint": true,
                    "secondary_blob_internet_host": true,
                    "secondary_blob_microsoft_endpoint": true,
                    "secondary_blob_microsoft_host": true,
                    "secondary_connection_string": true,
                    "secondary_dfs_endpoint": true,
                    "secondary_dfs_host": true,
                    "secondary_dfs_internet_endpoint": true,
                    "secondary_dfs_internet_host": true,
                    "secondary_dfs_microsoft_endpoint": true,
                    "secondary_dfs_microsoft_host": true,
                    "secondary_file_endpoint": true,
                    "secondary_file_host": true,
                    "secondary_file_internet_endpoint": true,
                    "secondary_file_internet_host": true,
                    "secondary_file_microsoft_endpoint": true,
                    "secondary_file_microsoft_host": true,
                    "secondary_location": true,
                    "secondary_queue_endpoint": true,
                    "secondary_queue_host": true,
                    "secondary_queue_microsoft_endpoint": true,
                    "secondary_queue_microsoft_host": true,
                    "secondary_table_endpoint": true,
                    "secondary_table_host": true,
                    "secondary_table_microsoft_endpoint": true,
                    "secondary_table_microsoft_host": true,
                    "secondary_web_endpoint": true,
                    "secondary_web_host": true,
                    "secondary_web_internet_endpoint": true,
                    "secondary_web_internet_host": true,
                    "secondary_web_microsoft_endpoint": true,
                    "secondary_web_microsoft_host": true,
                    "share_properties": true,
                    "static_website": []
                },
                "before_sensitive": false,
                "after_sensitive": {
                    "azure_files_authentication": [],
                    "blob_properties": [],
                    "custom_domain": [],
                    "customer_managed_key": [],
                    "identity": [],
                    "immutability_policy": [],
                    "network_rules": [],
                    "primary_access_key": true,
                    "primary_blob_connection_string": true,
                    "primary_connection_string": true,
                    "queue_properties": [],
                    "routing": [],
                    "sas_policy": [],
                    "secondary_access_key": true,
                    "secondary_blob_connection_string": true,
                    "secondary_connection_string": true,
                    "share_properties": [],
                    "static_website": []
                }
            }
        },
        {
            "address": "azurerm_storage_account.example[\"examplestoracct4\"]",
            "mode": "managed",
            "type": "azurerm_storage_account",
            "name": "example",
            "index": "examplestoracct4",
            "provider_name": "registry.terraform.io/hashicorp/azurerm",
            "change": {
                "actions": [
                    "create"
                ],
                "before": null,
                "after": {
                    "account_kind": "StorageV2",
                    "account_replication_type": "LRS",
                    "account_tier": "Standard",
                    "allow_nested_items_to_be_public": true,
                    "allowed_copy_scope": null,
                    "azure_files_authentication": [],
                    "cross_tenant_replication_enabled": false,
                    "custom_domain": [],
                    "customer_managed_key": [],
                    "default_to_oauth_authentication": false,
                    "dns_endpoint_type": "Standard",
                    "edge_zone": null,
                    "https_traffic_only_enabled": true,
                    "identity": [],
                    "immutability_policy": [],
                    "infrastructure_encryption_enabled": false,
                    "is_hns_enabled": false,
                    "local_user_enabled": true,
                    "location": "westus",
                    "min_tls_version": "TLS1_2",
                    "name": "examplestoracct4",
                    "nfsv3_enabled": false,
                    "public_network_access_enabled": true,
                    "queue_encryption_key_type": "Service",
                    "resource_group_name": "opa-test",
                    "sas_policy": [],
                    "sftp_enabled": false,
                    "shared_access_key_enabled": true,
                    "static_website": [],
                    "table_encryption_key_type": "Service",
                    "tags": null,
                    "timeouts": null
                },
                "after_unknown": {
                    "access_tier": true,
                    "azure_files_authentication": [],
                    "blob_properties": true,
                    "custom_domain": [],
                    "customer_managed_key": [],
                    "id": true,
                    "identity": [],
                    "immutability_policy": [],
                    "large_file_share_enabled": true,
                    "network_rules": true,
                    "primary_access_key": true,
                    "primary_blob_connection_string": true,
                    "primary_blob_endpoint": true,
                    "primary_blob_host": true,
                    "primary_blob_internet_endpoint": true,
                    "primary_blob_internet_host": true,
                    "primary_blob_microsoft_endpoint": true,
                    "primary_blob_microsoft_host": true,
                    "primary_connection_string": true,
                    "primary_dfs_endpoint": true,
                    "primary_dfs_host": true,
                    "primary_dfs_internet_endpoint": true,
                    "primary_dfs_internet_host": true,
                    "primary_dfs_microsoft_endpoint": true,
                    "primary_dfs_microsoft_host": true,
                    "primary_file_endpoint": true,
                    "primary_file_host": true,
                    "primary_file_internet_endpoint": true,
                    "primary_file_internet_host": true,
                    "primary_file_microsoft_endpoint": true,
                    "primary_file_microsoft_host": true,
                    "primary_location": true,
                    "primary_queue_endpoint": true,
                    "primary_queue_host": true,
                    "primary_queue_microsoft_endpoint": true,
                    "primary_queue_microsoft_host": true,
                    "primary_table_endpoint": true,
                    "primary_table_host": true,
                    "primary_table_microsoft_endpoint": true,
                    "primary_table_microsoft_host": true,
                    "primary_web_endpoint": true,
                    "primary_web_host": true,
                    "primary_web_internet_endpoint": true,
                    "primary_web_internet_host": true,
                    "primary_web_microsoft_endpoint": true,
                    "primary_web_microsoft_host": true,
                    "queue_properties": true,
                    "routing": true,
                    "sas_policy": [],
                    "secondary_access_key": true,
                    "secondary_blob_connection_string": true,
                    "secondary_blob_endpoint": true,
                    "secondary_blob_host": true,
                    "secondary_blob_internet_endpoint": true,
                    "secondary_blob_internet_host": true,
                    "secondary_blob_microsoft_endpoint": true,
                    "secondary_blob_microsoft_host": true,
                    "secondary_connection_string": true,
                    "secondary_dfs_endpoint": true,
                    "secondary_dfs_host": true,
                    "secondary_dfs_internet_endpoint": true,
                    "secondary_dfs_internet_host": true,
                    "secondary_dfs_microsoft_endpoint": true,
                    "secondary_dfs_microsoft_host": true,
                    "secondary_file_endpoint": true,
                    "secondary_file_host": true,
                    "secondary_file_internet_endpoint": true,
                    "secondary_file_internet_host": true,
                    "secondary_file_microsoft_endpoint": true,
                    "secondary_file_microsoft_host": true,
                    "secondary_location": true,
                    "secondary_queue_endpoint": true,
                    "secondary_queue_host": true,
                    "secondary_queue_microsoft_endpoint": true,
                    "secondary_queue_microsoft_host": true,
                    "secondary_table_endpoint": true,
                    "secondary_table_host": true,
                    "secondary_table_microsoft_endpoint": true,
                    "secondary_table_microsoft_host": true,
                    "secondary_web_endpoint": true,
                    "secondary_web_host": true,
                    "secondary_web_internet_endpoint": true,
                    "secondary_web_internet_host": true,
                    "secondary_web_microsoft_endpoint": true,
                    "secondary_web_microsoft_host": true,
                    "share_properties": true,
                    "static_website": []
                },
                "before_sensitive": false,
                "after_sensitive": {
                    "azure_files_authentication": [],
                    "blob_properties": [],
                    "custom_domain": [],
                    "customer_managed_key": [],
                    "identity": [],
                    "immutability_policy": [],
                    "network_rules": [],
                    "primary_access_key": true,
                    "primary_blob_connection_string": true,
                    "primary_connection_string": true,
                    "queue_properties": [],
                    "routing": [],
                    "sas_policy": [],
                    "secondary_access_key": true,
                    "secondary_blob_connection_string": true,
                    "secondary_connection_string": true,
                    "share_properties": [],
                    "static_website": []
                }
            }
        },
        {
            "address": "azurerm_storage_account.example[\"examplestoracct5\"]",
            "mode": "managed",
            "type": "azurerm_storage_account",
            "name": "example",
            "index": "examplestoracct5",
            "provider_name": "registry.terraform.io/hashicorp/azurerm",
            "change": {
                "actions": [
                    "create"
                ],
                "before": null,
                "after": {
                    "account_kind": "StorageV2",
                    "account_replication_type": "LRS",
                    "account_tier": "Standard",
                    "allow_nested_items_to_be_public": true,
                    "allowed_copy_scope": null,
                    "azure_files_authentication": [],
                    "cross_tenant_replication_enabled": false,
                    "custom_domain": [],
                    "customer_managed_key": [],
                    "default_to_oauth_authentication": false,
                    "dns_endpoint_type": "Standard",
                    "edge_zone": null,
                    "https_traffic_only_enabled": true,
                    "identity": [],
                    "immutability_policy": [],
                    "infrastructure_encryption_enabled": false,
                    "is_hns_enabled": false,
                    "local_user_enabled": true,
                    "location": "westus",
                    "min_tls_version": "TLS1_2",
                    "name": "examplestoracct5",
                    "nfsv3_enabled": false,
                    "public_network_access_enabled": true,
                    "queue_encryption_key_type": "Service",
                    "resource_group_name": "opa-test",
                    "sas_policy": [],
                    "sftp_enabled": false,
                    "shared_access_key_enabled": true,
                    "static_website": [],
                    "table_encryption_key_type": "Service",
                    "tags": null,
                    "timeouts": null
                },
                "after_unknown": {
                    "access_tier": true,
                    "azure_files_authentication": [],
                    "blob_properties": true,
                    "custom_domain": [],
                    "customer_managed_key": [],
                    "id": true,
                    "identity": [],
                    "immutability_policy": [],
                    "large_file_share_enabled": true,
                    "network_rules": true,
                    "primary_access_key": true,
                    "primary_blob_connection_string": true,
                    "primary_blob_endpoint": true,
                    "primary_blob_host": true,
                    "primary_blob_internet_endpoint": true,
                    "primary_blob_internet_host": true,
                    "primary_blob_microsoft_endpoint": true,
                    "primary_blob_microsoft_host": true,
                    "primary_connection_string": true,
                    "primary_dfs_endpoint": true,
                    "primary_dfs_host": true,
                    "primary_dfs_internet_endpoint": true,
                    "primary_dfs_internet_host": true,
                    "primary_dfs_microsoft_endpoint": true,
                    "primary_dfs_microsoft_host": true,
                    "primary_file_endpoint": true,
                    "primary_file_host": true,
                    "primary_file_internet_endpoint": true,
                    "primary_file_internet_host": true,
                    "primary_file_microsoft_endpoint": true,
                    "primary_file_microsoft_host": true,
                    "primary_location": true,
                    "primary_queue_endpoint": true,
                    "primary_queue_host": true,
                    "primary_queue_microsoft_endpoint": true,
                    "primary_queue_microsoft_host": true,
                    "primary_table_endpoint": true,
                    "primary_table_host": true,
                    "primary_table_microsoft_endpoint": true,
                    "primary_table_microsoft_host": true,
                    "primary_web_endpoint": true,
                    "primary_web_host": true,
                    "primary_web_internet_endpoint": true,
                    "primary_web_internet_host": true,
                    "primary_web_microsoft_endpoint": true,
                    "primary_web_microsoft_host": true,
                    "queue_properties": true,
                    "routing": true,
                    "sas_policy": [],
                    "secondary_access_key": true,
                    "secondary_blob_connection_string": true,
                    "secondary_blob_endpoint": true,
                    "secondary_blob_host": true,
                    "secondary_blob_internet_endpoint": true,
                    "secondary_blob_internet_host": true,
                    "secondary_blob_microsoft_endpoint": true,
                    "secondary_blob_microsoft_host": true,
                    "secondary_connection_string": true,
                    "secondary_dfs_endpoint": true,
                    "secondary_dfs_host": true,
                    "secondary_dfs_internet_endpoint": true,
                    "secondary_dfs_internet_host": true,
                    "secondary_dfs_microsoft_endpoint": true,
                    "secondary_dfs_microsoft_host": true,
                    "secondary_file_endpoint": true,
                    "secondary_file_host": true,
                    "secondary_file_internet_endpoint": true,
                    "secondary_file_internet_host": true,
                    "secondary_file_microsoft_endpoint": true,
                    "secondary_file_microsoft_host": true,
                    "secondary_location": true,
                    "secondary_queue_endpoint": true,
                    "secondary_queue_host": true,
                    "secondary_queue_microsoft_endpoint": true,
                    "secondary_queue_microsoft_host": true,
                    "secondary_table_endpoint": true,
                    "secondary_table_host": true,
                    "secondary_table_microsoft_endpoint": true,
                    "secondary_table_microsoft_host": true,
                    "secondary_web_endpoint": true,
                    "secondary_web_host": true,
                    "secondary_web_internet_endpoint": true,
                    "secondary_web_internet_host": true,
                    "secondary_web_microsoft_endpoint": true,
                    "secondary_web_microsoft_host": true,
                    "share_properties": true,
                    "static_website": []
                },
                "before_sensitive": false,
                "after_sensitive": {
                    "azure_files_authentication": [],
                    "blob_properties": [],
                    "custom_domain": [],
                    "customer_managed_key": [],
                    "identity": [],
                    "immutability_policy": [],
                    "network_rules": [],
                    "primary_access_key": true,
                    "primary_blob_connection_string": true,
                    "primary_connection_string": true,
                    "queue_properties": [],
                    "routing": [],
                    "sas_policy": [],
                    "secondary_access_key": true,
                    "secondary_blob_connection_string": true,
                    "secondary_connection_string": true,
                    "share_properties": [],
                    "static_website": []
                }
            }
        },
        {
            "address": "azurerm_storage_account.example[\"examplestoracct6\"]",
            "mode": "managed",
            "type": "azurerm_storage_account",
            "name": "example",
            "index": "examplestoracct6",
            "provider_name": "registry.terraform.io/hashicorp/azurerm",
            "change": {
                "actions": [
                    "create"
                ],
                "before": null,
                "after": {
                    "account_kind": "StorageV2",
                    "account_replication_type": "LRS",
                    "account_tier": "Standard",
                    "allow_nested_items_to_be_public": true,
                    "allowed_copy_scope": null,
                    "azure_files_authentication": [],
                    "cross_tenant_replication_enabled": false,
                    "custom_domain": [],
                    "customer_managed_key": [],
                    "default_to_oauth_authentication": false,
                    "dns_endpoint_type": "Standard",
                    "edge_zone": null,
                    "https_traffic_only_enabled": true,
                    "identity": [],
                    "immutability_policy": [],
                    "infrastructure_encryption_enabled": false,
                    "is_hns_enabled": false,
                    "local_user_enabled": true,
                    "location": "westus",
                    "min_tls_version": "TLS1_2",
                    "name": "examplestoracct6",
                    "nfsv3_enabled": false,
                    "public_network_access_enabled": true,
                    "queue_encryption_key_type": "Service",
                    "resource_group_name": "opa-test",
                    "sas_policy": [],
                    "sftp_enabled": false,
                    "shared_access_key_enabled": true,
                    "static_website": [],
                    "table_encryption_key_type": "Service",
                    "tags": null,
                    "timeouts": null
                },
                "after_unknown": {
                    "access_tier": true,
                    "azure_files_authentication": [],
                    "blob_properties": true,
                    "custom_domain": [],
                    "customer_managed_key": [],
                    "id": true,
                    "identity": [],
                    "immutability_policy": [],
                    "large_file_share_enabled": true,
                    "network_rules": true,
                    "primary_access_key": true,
                    "primary_blob_connection_string": true,
                    "primary_blob_endpoint": true,
                    "primary_blob_host": true,
                    "primary_blob_internet_endpoint": true,
                    "primary_blob_internet_host": true,
                    "primary_blob_microsoft_endpoint": true,
                    "primary_blob_microsoft_host": true,
                    "primary_connection_string": true,
                    "primary_dfs_endpoint": true,
                    "primary_dfs_host": true,
                    "primary_dfs_internet_endpoint": true,
                    "primary_dfs_internet_host": true,
                    "primary_dfs_microsoft_endpoint": true,
                    "primary_dfs_microsoft_host": true,
                    "primary_file_endpoint": true,
                    "primary_file_host": true,
                    "primary_file_internet_endpoint": true,
                    "primary_file_internet_host": true,
                    "primary_file_microsoft_endpoint": true,
                    "primary_file_microsoft_host": true,
                    "primary_location": true,
                    "primary_queue_endpoint": true,
                    "primary_queue_host": true,
                    "primary_queue_microsoft_endpoint": true,
                    "primary_queue_microsoft_host": true,
                    "primary_table_endpoint": true,
                    "primary_table_host": true,
                    "primary_table_microsoft_endpoint": true,
                    "primary_table_microsoft_host": true,
                    "primary_web_endpoint": true,
                    "primary_web_host": true,
                    "primary_web_internet_endpoint": true,
                    "primary_web_internet_host": true,
                    "primary_web_microsoft_endpoint": true,
                    "primary_web_microsoft_host": true,
                    "queue_properties": true,
                    "routing": true,
                    "sas_policy": [],
                    "secondary_access_key": true,
                    "secondary_blob_connection_string": true,
                    "secondary_blob_endpoint": true,
                    "secondary_blob_host": true,
                    "secondary_blob_internet_endpoint": true,
                    "secondary_blob_internet_host": true,
                    "secondary_blob_microsoft_endpoint": true,
                    "secondary_blob_microsoft_host": true,
                    "secondary_connection_string": true,
                    "secondary_dfs_endpoint": true,
                    "secondary_dfs_host": true,
                    "secondary_dfs_internet_endpoint": true,
                    "secondary_dfs_internet_host": true,
                    "secondary_dfs_microsoft_endpoint": true,
                    "secondary_dfs_microsoft_host": true,
                    "secondary_file_endpoint": true,
                    "secondary_file_host": true,
                    "secondary_file_internet_endpoint": true,
                    "secondary_file_internet_host": true,
                    "secondary_file_microsoft_endpoint": true,
                    "secondary_file_microsoft_host": true,
                    "secondary_location": true,
                    "secondary_queue_endpoint": true,
                    "secondary_queue_host": true,
                    "secondary_queue_microsoft_endpoint": true,
                    "secondary_queue_microsoft_host": true,
                    "secondary_table_endpoint": true,
                    "secondary_table_host": true,
                    "secondary_table_microsoft_endpoint": true,
                    "secondary_table_microsoft_host": true,
                    "secondary_web_endpoint": true,
                    "secondary_web_host": true,
                    "secondary_web_internet_endpoint": true,
                    "secondary_web_internet_host": true,
                    "secondary_web_microsoft_endpoint": true,
                    "secondary_web_microsoft_host": true,
                    "share_properties": true,
                    "static_website": []
                },
                "before_sensitive": false,
                "after_sensitive": {
                    "azure_files_authentication": [],
                    "blob_properties": [],
                    "custom_domain": [],
                    "customer_managed_key": [],
                    "identity": [],
                    "immutability_policy": [],
                    "network_rules": [],
                    "primary_access_key": true,
                    "primary_blob_connection_string": true,
                    "primary_connection_string": true,
                    "queue_properties": [],
                    "routing": [],
                    "sas_policy": [],
                    "secondary_access_key": true,
                    "secondary_blob_connection_string": true,
                    "secondary_connection_string": true,
                    "share_properties": [],
                    "static_website": []
                }
            }
        },
        {
            "address": "azurerm_storage_account.example[\"examplestoracct7\"]",
            "mode": "managed",
            "type": "azurerm_storage_account",
            "name": "example",
            "index": "examplestoracct7",
            "provider_name": "registry.terraform.io/hashicorp/azurerm",
            "change": {
                "actions": [
                    "create"
                ],
                "before": null,
                "after": {
                    "account_kind": "StorageV2",
                    "account_replication_type": "LRS",
                    "account_tier": "Standard",
                    "allow_nested_items_to_be_public": true,
                    "allowed_copy_scope": null,
                    "azure_files_authentication": [],
                    "cross_tenant_replication_enabled": false,
                    "custom_domain": [],
                    "customer_managed_key": [],
                    "default_to_oauth_authentication": false,
                    "dns_endpoint_type": "Standard",
                    "edge_zone": null,
                    "https_traffic_only_enabled": true,
                    "identity": [],
                    "immutability_policy": [],
                    "infrastructure_encryption_enabled": false,
                    "is_hns_enabled": false,
                    "local_user_enabled": true,
                    "location": "westus",
                    "min_tls_version": "TLS1_2",
                    "name": "examplestoracct7",
                    "nfsv3_enabled": false,
                    "public_network_access_enabled": true,
                    "queue_encryption_key_type": "Service",
                    "resource_group_name": "opa-test",
                    "sas_policy": [],
                    "sftp_enabled": false,
                    "shared_access_key_enabled": true,
                    "static_website": [],
                    "table_encryption_key_type": "Service",
                    "tags": null,
                    "timeouts": null
                },
                "after_unknown": {
                    "access_tier": true,
                    "azure_files_authentication": [],
                    "blob_properties": true,
                    "custom_domain": [],
                    "customer_managed_key": [],
                    "id": true,
                    "identity": [],
                    "immutability_policy": [],
                    "large_file_share_enabled": true,
                    "network_rules": true,
                    "primary_access_key": true,
                    "primary_blob_connection_string": true,
                    "primary_blob_endpoint": true,
                    "primary_blob_host": true,
                    "primary_blob_internet_endpoint": true,
                    "primary_blob_internet_host": true,
                    "primary_blob_microsoft_endpoint": true,
                    "primary_blob_microsoft_host": true,
                    "primary_connection_string": true,
                    "primary_dfs_endpoint": true,
                    "primary_dfs_host": true,
                    "primary_dfs_internet_endpoint": true,
                    "primary_dfs_internet_host": true,
                    "primary_dfs_microsoft_endpoint": true,
                    "primary_dfs_microsoft_host": true,
                    "primary_file_endpoint": true,
                    "primary_file_host": true,
                    "primary_file_internet_endpoint": true,
                    "primary_file_internet_host": true,
                    "primary_file_microsoft_endpoint": true,
                    "primary_file_microsoft_host": true,
                    "primary_location": true,
                    "primary_queue_endpoint": true,
                    "primary_queue_host": true,
                    "primary_queue_microsoft_endpoint": true,
                    "primary_queue_microsoft_host": true,
                    "primary_table_endpoint": true,
                    "primary_table_host": true,
                    "primary_table_microsoft_endpoint": true,
                    "primary_table_microsoft_host": true,
                    "primary_web_endpoint": true,
                    "primary_web_host": true,
                    "primary_web_internet_endpoint": true,
                    "primary_web_internet_host": true,
                    "primary_web_microsoft_endpoint": true,
                    "primary_web_microsoft_host": true,
                    "queue_properties": true,
                    "routing": true,
                    "sas_policy": [],
                    "secondary_access_key": true,
                    "secondary_blob_connection_string": true,
                    "secondary_blob_endpoint": true,
                    "secondary_blob_host": true,
                    "secondary_blob_internet_endpoint": true,
                    "secondary_blob_internet_host": true,
                    "secondary_blob_microsoft_endpoint": true,
                    "secondary_blob_microsoft_host": true,
                    "secondary_connection_string": true,
                    "secondary_dfs_endpoint": true,
                    "secondary_dfs_host": true,
                    "secondary_dfs_internet_endpoint": true,
                    "secondary_dfs_internet_host": true,
                    "secondary_dfs_microsoft_endpoint": true,
                    "secondary_dfs_microsoft_host": true,
                    "secondary_file_endpoint": true,
                    "secondary_file_host": true,
                    "secondary_file_internet_endpoint": true,
                    "secondary_file_internet_host": true,
                    "secondary_file_microsoft_endpoint": true,
                    "secondary_file_microsoft_host": true,
                    "secondary_location": true,
                    "secondary_queue_endpoint": true,
                    "secondary_queue_host": true,
                    "secondary_queue_microsoft_endpoint": true,
                    "secondary_queue_microsoft_host": true,
                    "secondary_table_endpoint": true,
                    "secondary_table_host": true,
                    "secondary_table_microsoft_endpoint": true,
                    "secondary_table_microsoft_host": true,
                    "secondary_web_endpoint": true,
                    "secondary_web_host": true,
                    "secondary_web_internet_endpoint": true,
                    "secondary_web_internet_host": true,
                    "secondary_web_microsoft_endpoint": true,
                    "secondary_web_microsoft_host": true,
                    "share_properties": true,
                    "static_website": []
                },
                "before_sensitive": false,
                "after_sensitive": {
                    "azure_files_authentication": [],
                    "blob_properties": [],
                    "custom_domain": [],
                    "customer_managed_key": [],
                    "identity": [],
                    "immutability_policy": [],
                    "network_rules": [],
                    "primary_access_key": true,
                    "primary_blob_connection_string": true,
                    "primary_connection_string": true,
                    "queue_properties": [],
                    "routing": [],
                    "sas_policy": [],
                    "secondary_access_key": true,
                    "secondary_blob_connection_string": true,
                    "secondary_connection_string": true,
                    "share_properties": [],
                    "static_website": []
                }
            }
        },
        {
            "address": "azurerm_storage_account.example[\"examplestoracct8\"]",
            "mode": "managed",
            "type": "azurerm_storage_account",
            "name": "example",
            "index": "examplestoracct8",
            "provider_name": "registry.terraform.io/hashicorp/azurerm",
            "change": {
                "actions": [
                    "create"
                ],
                "before": null,
                "after": {
                    "account_kind": "StorageV2",
                    "account_replication_type": "LRS",
                    "account_tier": "Standard",
                    "allow_nested_items_to_be_public": true,
                    "allowed_copy_scope": null,
                    "azure_files_authentication": [],
                    "cross_tenant_replication_enabled": false,
                    "custom_domain": [],
                    "customer_managed_key": [],
                    "default_to_oauth_authentication": false,
                    "dns_endpoint_type": "Standard",
                    "edge_zone": null,
                    "https_traffic_only_enabled": true,
                    "identity": [],
                    "immutability_policy": [],
                    "infrastructure_encryption_enabled": false,
                    "is_hns_enabled": false,
                    "local_user_enabled": true,
                    "location": "westus",
                    "min_tls_version": "TLS1_2",
                    "name": "examplestoracct8",
                    "nfsv3_enabled": false,
                    "public_network_access_enabled": true,
                    "queue_encryption_key_type": "Service",
                    "resource_group_name": "opa-test",
                    "sas_policy": [],
                    "sftp_enabled": false,
                    "shared_access_key_enabled": true,
                    "static_website": [],
                    "table_encryption_key_type": "Service",
                    "tags": null,
                    "timeouts": null
                },
                "after_unknown": {
                    "access_tier": true,
                    "azure_files_authentication": [],
                    "blob_properties": true,
                    "custom_domain": [],
                    "customer_managed_key": [],
                    "id": true,
                    "identity": [],
                    "immutability_policy": [],
                    "large_file_share_enabled": true,
                    "network_rules": true,
                    "primary_access_key": true,
                    "primary_blob_connection_string": true,
                    "primary_blob_endpoint": true,
                    "primary_blob_host": true,
                    "primary_blob_internet_endpoint": true,
                    "primary_blob_internet_host": true,
                    "primary_blob_microsoft_endpoint": true,
                    "primary_blob_microsoft_host": true,
                    "primary_connection_string": true,
                    "primary_dfs_endpoint": true,
                    "primary_dfs_host": true,
                    "primary_dfs_internet_endpoint": true,
                    "primary_dfs_internet_host": true,
                    "primary_dfs_microsoft_endpoint": true,
                    "primary_dfs_microsoft_host": true,
                    "primary_file_endpoint": true,
                    "primary_file_host": true,
                    "primary_file_internet_endpoint": true,
                    "primary_file_internet_host": true,
                    "primary_file_microsoft_endpoint": true,
                    "primary_file_microsoft_host": true,
                    "primary_location": true,
                    "primary_queue_endpoint": true,
                    "primary_queue_host": true,
                    "primary_queue_microsoft_endpoint": true,
                    "primary_queue_microsoft_host": true,
                    "primary_table_endpoint": true,
                    "primary_table_host": true,
                    "primary_table_microsoft_endpoint": true,
                    "primary_table_microsoft_host": true,
                    "primary_web_endpoint": true,
                    "primary_web_host": true,
                    "primary_web_internet_endpoint": true,
                    "primary_web_internet_host": true,
                    "primary_web_microsoft_endpoint": true,
                    "primary_web_microsoft_host": true,
                    "queue_properties": true,
                    "routing": true,
                    "sas_policy": [],
                    "secondary_access_key": true,
                    "secondary_blob_connection_string": true,
                    "secondary_blob_endpoint": true,
                    "secondary_blob_host": true,
                    "secondary_blob_internet_endpoint": true,
                    "secondary_blob_internet_host": true,
                    "secondary_blob_microsoft_endpoint": true,
                    "secondary_blob_microsoft_host": true,
                    "secondary_connection_string": true,
                    "secondary_dfs_endpoint": true,
                    "secondary_dfs_host": true,
                    "secondary_dfs_internet_endpoint": true,
                    "secondary_dfs_internet_host": true,
                    "secondary_dfs_microsoft_endpoint": true,
                    "secondary_dfs_microsoft_host": true,
                    "secondary_file_endpoint": true,
                    "secondary_file_host": true,
                    "secondary_file_internet_endpoint": true,
                    "secondary_file_internet_host": true,
                    "secondary_file_microsoft_endpoint": true,
                    "secondary_file_microsoft_host": true,
                    "secondary_location": true,
                    "secondary_queue_endpoint": true,
                    "secondary_queue_host": true,
                    "secondary_queue_microsoft_endpoint": true,
                    "secondary_queue_microsoft_host": true,
                    "secondary_table_endpoint": true,
                    "secondary_table_host": true,
                    "secondary_table_microsoft_endpoint": true,
                    "secondary_table_microsoft_host": true,
                    "secondary_web_endpoint": true,
                    "secondary_web_host": true,
                    "secondary_web_internet_endpoint": true,
                    "secondary_web_internet_host": true,
                    "secondary_web_microsoft_endpoint": true,
                    "secondary_web_microsoft_host": true,
                    "share_properties": true,
                    "static_website": []
                },
                "before_sensitive": false,
                "after_sensitive": {
                    "azure_files_authentication": [],
                    "blob_properties": [],
                    "custom_domain": [],
                    "customer_managed_key": [],
                    "identity": [],
                    "immutability_policy": [],
                    "network_rules": [],
                    "primary_access_key": true,
                    "primary_blob_connection_string": true,
                    "primary_connection_string": true,
                    "queue_properties": [],
                    "routing": [],
                    "sas_policy": [],
                    "secondary_access_key": true,
                    "secondary_blob_connection_string": true,
                    "secondary_connection_string": true,
                    "share_properties": [],
                    "static_website": []
                }
            }
        },
        {
            "address": "azurerm_storage_account.example[\"examplestoracct9\"]",
            "mode": "managed",
            "type": "azurerm_storage_account",
            "name": "example",
            "index": "examplestoracct9",
            "provider_name": "registry.terraform.io/hashicorp/azurerm",
            "change": {
                "actions": [
                    "create"
                ],
                "before": null,
                "after": {
                    "account_kind": "StorageV2",
                    "account_replication_type": "LRS",
                    "account_tier": "Standard",
                    "allow_nested_items_to_be_public": true,
                    "allowed_copy_scope": null,
                    "azure_files_authentication": [],
                    "cross_tenant_replication_enabled": false,
                    "custom_domain": [],
                    "customer_managed_key": [],
                    "default_to_oauth_authentication": false,
                    "dns_endpoint_type": "Standard",
                    "edge_zone": null,
                    "https_traffic_only_enabled": true,
                    "identity": [],
                    "immutability_policy": [],
                    "infrastructure_encryption_enabled": false,
                    "is_hns_enabled": false,
                    "local_user_enabled": true,
                    "location": "westus",
                    "min_tls_version": "TLS1_2",
                    "name": "examplestoracct9",
                    "nfsv3_enabled": false,
                    "public_network_access_enabled": true,
                    "queue_encryption_key_type": "Service",
                    "resource_group_name": "opa-test",
                    "sas_policy": [],
                    "sftp_enabled": false,
                    "shared_access_key_enabled": true,
                    "static_website": [],
                    "table_encryption_key_type": "Service",
                    "tags": null,
                    "timeouts": null
                },
                "after_unknown": {
                    "access_tier": true,
                    "azure_files_authentication": [],
                    "blob_properties": true,
                    "custom_domain": [],
                    "customer_managed_key": [],
                    "id": true,
                    "identity": [],
                    "immutability_policy": [],
                    "large_file_share_enabled": true,
                    "network_rules": true,
                    "primary_access_key": true,
                    "primary_blob_connection_string": true,
                    "primary_blob_endpoint": true,
                    "primary_blob_host": true,
                    "primary_blob_internet_endpoint": true,
                    "primary_blob_internet_host": true,
                    "primary_blob_microsoft_endpoint": true,
                    "primary_blob_microsoft_host": true,
                    "primary_connection_string": true,
                    "primary_dfs_endpoint": true,
                    "primary_dfs_host": true,
                    "primary_dfs_internet_endpoint": true,
                    "primary_dfs_internet_host": true,
                    "primary_dfs_microsoft_endpoint": true,
                    "primary_dfs_microsoft_host": true,
                    "primary_file_endpoint": true,
                    "primary_file_host": true,
                    "primary_file_internet_endpoint": true,
                    "primary_file_internet_host": true,
                    "primary_file_microsoft_endpoint": true,
                    "primary_file_microsoft_host": true,
                    "primary_location": true,
                    "primary_queue_endpoint": true,
                    "primary_queue_host": true,
                    "primary_queue_microsoft_endpoint": true,
                    "primary_queue_microsoft_host": true,
                    "primary_table_endpoint": true,
                    "primary_table_host": true,
                    "primary_table_microsoft_endpoint": true,
                    "primary_table_microsoft_host": true,
                    "primary_web_endpoint": true,
                    "primary_web_host": true,
                    "primary_web_internet_endpoint": true,
                    "primary_web_internet_host": true,
                    "primary_web_microsoft_endpoint": true,
                    "primary_web_microsoft_host": true,
                    "queue_properties": true,
                    "routing": true,
                    "sas_policy": [],
                    "secondary_access_key": true,
                    "secondary_blob_connection_string": true,
                    "secondary_blob_endpoint": true,
                    "secondary_blob_host": true,
                    "secondary_blob_internet_endpoint": true,
                    "secondary_blob_internet_host": true,
                    "secondary_blob_microsoft_endpoint": true,
                    "secondary_blob_microsoft_host": true,
                    "secondary_connection_string": true,
                    "secondary_dfs_endpoint": true,
                    "secondary_dfs_host": true,
                    "secondary_dfs_internet_endpoint": true,
                    "secondary_dfs_internet_host": true,
                    "secondary_dfs_microsoft_endpoint": true,
                    "secondary_dfs_microsoft_host": true,
                    "secondary_file_endpoint": true,
                    "secondary_file_host": true,
                    "secondary_file_internet_endpoint": true,
                    "secondary_file_internet_host": true,
                    "secondary_file_microsoft_endpoint": true,
                    "secondary_file_microsoft_host": true,
                    "secondary_location": true,
                    "secondary_queue_endpoint": true,
                    "secondary_queue_host": true,
                    "secondary_queue_microsoft_endpoint": true,
                    "secondary_queue_microsoft_host": true,
                    "secondary_table_endpoint": true,
                    "secondary_table_host": true,
                    "secondary_table_microsoft_endpoint": true,
                    "secondary_table_microsoft_host": true,
                    "secondary_web_endpoint": true,
                    "secondary_web_host": true,
                    "secondary_web_internet_endpoint": true,
                    "secondary_web_internet_host": true,
                    "secondary_web_microsoft_endpoint": true,
                    "secondary_web_microsoft_host": true,
                    "share_properties": true,
                    "static_website": []
                },
                "before_sensitive": false,
                "after_sensitive": {
                    "azure_files_authentication": [],
                    "blob_properties": [],
                    "custom_domain": [],
                    "customer_managed_key": [],
                    "identity": [],
                    "immutability_policy": [],
                    "network_rules": [],
                    "primary_access_key": true,
                    "primary_blob_connection_string": true,
                    "primary_connection_string": true,
                    "queue_properties": [],
                    "routing": [],
                    "sas_policy": [],
                    "secondary_access_key": true,
                    "secondary_blob_connection_string": true,
                    "secondary_connection_string": true,
                    "share_properties": [],
                    "static_website": []
                }
            }
        },
        {
            "address": "azurerm_storage_account.opatesttf",
            "mode": "managed",
            "type": "azurerm_storage_account",
            "name": "opatesttf",
            "provider_name": "registry.terraform.io/hashicorp/azurerm",
            "change": {
                "actions": [
                    "update"
                ],
                "before": {
                    "access_tier": "Hot",
                    "account_kind": "StorageV2",
                    "account_replication_type": "GRS",
                    "account_tier": "Standard",
                    "allow_nested_items_to_be_public": true,
                    "allowed_copy_scope": "",
                    "azure_files_authentication": [],
                    "blob_properties": [
                        {
                            "change_feed_enabled": false,
                            "change_feed_retention_in_days": 0,
                            "container_delete_retention_policy": [],
                            "cors_rule": [],
                            "default_service_version": "",
                            "delete_retention_policy": [],
                            "last_access_time_enabled": false,
                            "restore_policy": [],
                            "versioning_enabled": false
                        }
                    ],
                    "cross_tenant_replication_enabled": true,
                    "custom_domain": [],
                    "customer_managed_key": [],
                    "default_to_oauth_authentication": false,
                    "dns_endpoint_type": "Standard",
                    "edge_zone": "",
                    "https_traffic_only_enabled": true,
                    "id": "/subscriptions/6a18591d-f445-43a2-b12a-1f1f9b4e3238/resourceGroups/opa-test/providers/Microsoft.Storage/storageAccounts/opatesttf",
                    "identity": [],
                    "immutability_policy": [],
                    "infrastructure_encryption_enabled": false,
                    "is_hns_enabled": false,
                    "large_file_share_enabled": false,
                    "local_user_enabled": true,
                    "location": "westus",
                    "min_tls_version": "TLS1_2",
                    "name": "opatesttf",
                    "network_rules": [],
                    "nfsv3_enabled": false,
                    "primary_access_key": "K98Kz0Tj3C8GJdyF7GgLzppPPrZRk0mzKmaN2J1c8QmQp7PwKks8y8nGzVKF7H8FRvuHyQcLhOyM+AStknlMtg==",
                    "primary_blob_connection_string": "DefaultEndpointsProtocol=https;BlobEndpoint=https://opatesttf.blob.core.windows.net/;AccountName=opatesttf;AccountKey=K98Kz0Tj3C8GJdyF7GgLzppPPrZRk0mzKmaN2J1c8QmQp7PwKks8y8nGzVKF7H8FRvuHyQcLhOyM+AStknlMtg==",
                    "primary_blob_endpoint": "https://opatesttf.blob.core.windows.net/",
                    "primary_blob_host": "opatesttf.blob.core.windows.net",
                    "primary_blob_internet_endpoint": "",
                    "primary_blob_internet_host": "",
                    "primary_blob_microsoft_endpoint": "",
                    "primary_blob_microsoft_host": "",
                    "primary_connection_string": "DefaultEndpointsProtocol=https;AccountName=opatesttf;AccountKey=K98Kz0Tj3C8GJdyF7GgLzppPPrZRk0mzKmaN2J1c8QmQp7PwKks8y8nGzVKF7H8FRvuHyQcLhOyM+AStknlMtg==;EndpointSuffix=core.windows.net",
                    "primary_dfs_endpoint": "https://opatesttf.dfs.core.windows.net/",
                    "primary_dfs_host": "opatesttf.dfs.core.windows.net",
                    "primary_dfs_internet_endpoint": "",
                    "primary_dfs_internet_host": "",
                    "primary_dfs_microsoft_endpoint": "",
                    "primary_dfs_microsoft_host": "",
                    "primary_file_endpoint": "https://opatesttf.file.core.windows.net/",
                    "primary_file_host": "opatesttf.file.core.windows.net",
                    "primary_file_internet_endpoint": "",
                    "primary_file_internet_host": "",
                    "primary_file_microsoft_endpoint": "",
                    "primary_file_microsoft_host": "",
                    "primary_location": "westus",
                    "primary_queue_endpoint": "https://opatesttf.queue.core.windows.net/",
                    "primary_queue_host": "opatesttf.queue.core.windows.net",
                    "primary_queue_microsoft_endpoint": "",
                    "primary_queue_microsoft_host": "",
                    "primary_table_endpoint": "https://opatesttf.table.core.windows.net/",
                    "primary_table_host": "opatesttf.table.core.windows.net",
                    "primary_table_microsoft_endpoint": "",
                    "primary_table_microsoft_host": "",
                    "primary_web_endpoint": "https://opatesttf.z22.web.core.windows.net/",
                    "primary_web_host": "opatesttf.z22.web.core.windows.net",
                    "primary_web_internet_endpoint": "",
                    "primary_web_internet_host": "",
                    "primary_web_microsoft_endpoint": "",
                    "primary_web_microsoft_host": "",
                    "public_network_access_enabled": true,
                    "queue_encryption_key_type": "Service",
                    "queue_properties": [
                        {
                            "cors_rule": [],
                            "hour_metrics": [
                                {
                                    "enabled": true,
                                    "include_apis": true,
                                    "retention_policy_days": 7,
                                    "version": "1.0"
                                }
                            ],
                            "logging": [
                                {
                                    "delete": false,
                                    "read": false,
                                    "retention_policy_days": 0,
                                    "version": "1.0",
                                    "write": false
                                }
                            ],
                            "minute_metrics": [
                                {
                                    "enabled": false,
                                    "include_apis": false,
                                    "retention_policy_days": 0,
                                    "version": "1.0"
                                }
                            ]
                        }
                    ],
                    "resource_group_name": "opa-test",
                    "routing": [],
                    "sas_policy": [],
                    "secondary_access_key": "S5lM+vwoF5eSHsG9NPI9apqsf3jl3kA2gsDAKYNpxVOM45bJegJU92pkKdjc9z1GBS9mxoOD5e4B+AStj4r0Ag==",
                    "secondary_blob_connection_string": "",
                    "secondary_blob_endpoint": "",
                    "secondary_blob_host": "",
                    "secondary_blob_internet_endpoint": "",
                    "secondary_blob_internet_host": "",
                    "secondary_blob_microsoft_endpoint": "",
                    "secondary_blob_microsoft_host": "",
                    "secondary_connection_string": "DefaultEndpointsProtocol=https;AccountName=opatesttf;AccountKey=S5lM+vwoF5eSHsG9NPI9apqsf3jl3kA2gsDAKYNpxVOM45bJegJU92pkKdjc9z1GBS9mxoOD5e4B+AStj4r0Ag==;EndpointSuffix=core.windows.net",
                    "secondary_dfs_endpoint": "",
                    "secondary_dfs_host": "",
                    "secondary_dfs_internet_endpoint": "",
                    "secondary_dfs_internet_host": "",
                    "secondary_dfs_microsoft_endpoint": "",
                    "secondary_dfs_microsoft_host": "",
                    "secondary_file_endpoint": "",
                    "secondary_file_host": "",
                    "secondary_file_internet_endpoint": "",
                    "secondary_file_internet_host": "",
                    "secondary_file_microsoft_endpoint": "",
                    "secondary_file_microsoft_host": "",
                    "secondary_location": "eastus",
                    "secondary_queue_endpoint": "",
                    "secondary_queue_host": "",
                    "secondary_queue_microsoft_endpoint": "",
                    "secondary_queue_microsoft_host": "",
                    "secondary_table_endpoint": "",
                    "secondary_table_host": "",
                    "secondary_table_microsoft_endpoint": "",
                    "secondary_table_microsoft_host": "",
                    "secondary_web_endpoint": "",
                    "secondary_web_host": "",
                    "secondary_web_internet_endpoint": "",
                    "secondary_web_internet_host": "",
                    "secondary_web_microsoft_endpoint": "",
                    "secondary_web_microsoft_host": "",
                    "sftp_enabled": false,
                    "share_properties": [
                        {
                            "cors_rule": [],
                            "retention_policy": [
                                {
                                    "days": 7
                                }
                            ],
                            "smb": []
                        }
                    ],
                    "shared_access_key_enabled": true,
                    "static_website": [],
                    "table_encryption_key_type": "Service",
                    "tags": {
                        "environment": "dev",
                        "project": "opa"
                    },
                    "timeouts": null
                },
                "after": {
                    "access_tier": "Hot",
                    "account_kind": "StorageV2",
                    "account_replication_type": "GRS",
                    "account_tier": "Standard",
                    "allow_nested_items_to_be_public": true,
                    "allowed_copy_scope": "",
                    "azure_files_authentication": [],
                    "blob_properties": [
                        {
                            "change_feed_enabled": false,
                            "change_feed_retention_in_days": 0,
                            "container_delete_retention_policy": [],
                            "cors_rule": [],
                            "default_service_version": "",
                            "delete_retention_policy": [],
                            "last_access_time_enabled": false,
                            "restore_policy": [],
                            "versioning_enabled": false
                        }
                    ],
                    "cross_tenant_replication_enabled": false,
                    "custom_domain": [],
                    "customer_managed_key": [],
                    "default_to_oauth_authentication": false,
                    "dns_endpoint_type": "Standard",
                    "edge_zone": "",
                    "https_traffic_only_enabled": true,
                    "id": "/subscriptions/6a18591d-f445-43a2-b12a-1f1f9b4e3238/resourceGroups/opa-test/providers/Microsoft.Storage/storageAccounts/opatesttf",
                    "identity": [],
                    "immutability_policy": [],
                    "infrastructure_encryption_enabled": false,
                    "is_hns_enabled": false,
                    "large_file_share_enabled": false,
                    "local_user_enabled": true,
                    "location": "westus",
                    "min_tls_version": "TLS1_2",
                    "name": "opatesttf",
                    "network_rules": [],
                    "nfsv3_enabled": false,
                    "primary_access_key": "K98Kz0Tj3C8GJdyF7GgLzppPPrZRk0mzKmaN2J1c8QmQp7PwKks8y8nGzVKF7H8FRvuHyQcLhOyM+AStknlMtg==",
                    "primary_blob_connection_string": "DefaultEndpointsProtocol=https;BlobEndpoint=https://opatesttf.blob.core.windows.net/;AccountName=opatesttf;AccountKey=K98Kz0Tj3C8GJdyF7GgLzppPPrZRk0mzKmaN2J1c8QmQp7PwKks8y8nGzVKF7H8FRvuHyQcLhOyM+AStknlMtg==",
                    "primary_blob_endpoint": "https://opatesttf.blob.core.windows.net/",
                    "primary_blob_host": "opatesttf.blob.core.windows.net",
                    "primary_blob_internet_endpoint": "",
                    "primary_blob_internet_host": "",
                    "primary_blob_microsoft_endpoint": "",
                    "primary_blob_microsoft_host": "",
                    "primary_connection_string": "DefaultEndpointsProtocol=https;AccountName=opatesttf;AccountKey=K98Kz0Tj3C8GJdyF7GgLzppPPrZRk0mzKmaN2J1c8QmQp7PwKks8y8nGzVKF7H8FRvuHyQcLhOyM+AStknlMtg==;EndpointSuffix=core.windows.net",
                    "primary_dfs_endpoint": "https://opatesttf.dfs.core.windows.net/",
                    "primary_dfs_host": "opatesttf.dfs.core.windows.net",
                    "primary_dfs_internet_endpoint": "",
                    "primary_dfs_internet_host": "",
                    "primary_dfs_microsoft_endpoint": "",
                    "primary_dfs_microsoft_host": "",
                    "primary_file_endpoint": "https://opatesttf.file.core.windows.net/",
                    "primary_file_host": "opatesttf.file.core.windows.net",
                    "primary_file_internet_endpoint": "",
                    "primary_file_internet_host": "",
                    "primary_file_microsoft_endpoint": "",
                    "primary_file_microsoft_host": "",
                    "primary_location": "westus",
                    "primary_queue_endpoint": "https://opatesttf.queue.core.windows.net/",
                    "primary_queue_host": "opatesttf.queue.core.windows.net",
                    "primary_queue_microsoft_endpoint": "",
                    "primary_queue_microsoft_host": "",
                    "primary_table_endpoint": "https://opatesttf.table.core.windows.net/",
                    "primary_table_host": "opatesttf.table.core.windows.net",
                    "primary_table_microsoft_endpoint": "",
                    "primary_table_microsoft_host": "",
                    "primary_web_endpoint": "https://opatesttf.z22.web.core.windows.net/",
                    "primary_web_host": "opatesttf.z22.web.core.windows.net",
                    "primary_web_internet_endpoint": "",
                    "primary_web_internet_host": "",
                    "primary_web_microsoft_endpoint": "",
                    "primary_web_microsoft_host": "",
                    "public_network_access_enabled": true,
                    "queue_encryption_key_type": "Service",
                    "queue_properties": [
                        {
                            "cors_rule": [],
                            "hour_metrics": [
                                {
                                    "enabled": true,
                                    "include_apis": true,
                                    "retention_policy_days": 7,
                                    "version": "1.0"
                                }
                            ],
                            "logging": [
                                {
                                    "delete": false,
                                    "read": false,
                                    "retention_policy_days": 0,
                                    "version": "1.0",
                                    "write": false
                                }
                            ],
                            "minute_metrics": [
                                {
                                    "enabled": false,
                                    "include_apis": false,
                                    "retention_policy_days": 0,
                                    "version": "1.0"
                                }
                            ]
                        }
                    ],
                    "resource_group_name": "opa-test",
                    "routing": [],
                    "sas_policy": [],
                    "secondary_access_key": "S5lM+vwoF5eSHsG9NPI9apqsf3jl3kA2gsDAKYNpxVOM45bJegJU92pkKdjc9z1GBS9mxoOD5e4B+AStj4r0Ag==",
                    "secondary_blob_connection_string": "",
                    "secondary_blob_endpoint": "",
                    "secondary_blob_host": "",
                    "secondary_blob_internet_endpoint": "",
                    "secondary_blob_internet_host": "",
                    "secondary_blob_microsoft_endpoint": "",
                    "secondary_blob_microsoft_host": "",
                    "secondary_connection_string": "DefaultEndpointsProtocol=https;AccountName=opatesttf;AccountKey=S5lM+vwoF5eSHsG9NPI9apqsf3jl3kA2gsDAKYNpxVOM45bJegJU92pkKdjc9z1GBS9mxoOD5e4B+AStj4r0Ag==;EndpointSuffix=core.windows.net",
                    "secondary_dfs_endpoint": "",
                    "secondary_dfs_host": "",
                    "secondary_dfs_internet_endpoint": "",
                    "secondary_dfs_internet_host": "",
                    "secondary_dfs_microsoft_endpoint": "",
                    "secondary_dfs_microsoft_host": "",
                    "secondary_file_endpoint": "",
                    "secondary_file_host": "",
                    "secondary_file_internet_endpoint": "",
                    "secondary_file_internet_host": "",
                    "secondary_file_microsoft_endpoint": "",
                    "secondary_file_microsoft_host": "",
                    "secondary_location": "eastus",
                    "secondary_queue_endpoint": "",
                    "secondary_queue_host": "",
                    "secondary_queue_microsoft_endpoint": "",
                    "secondary_queue_microsoft_host": "",
                    "secondary_table_endpoint": "",
                    "secondary_table_host": "",
                    "secondary_table_microsoft_endpoint": "",
                    "secondary_table_microsoft_host": "",
                    "secondary_web_endpoint": "",
                    "secondary_web_host": "",
                    "secondary_web_internet_endpoint": "",
                    "secondary_web_internet_host": "",
                    "secondary_web_microsoft_endpoint": "",
                    "secondary_web_microsoft_host": "",
                    "sftp_enabled": false,
                    "share_properties": [
                        {
                            "cors_rule": [],
                            "retention_policy": [
                                {
                                    "days": 7
                                }
                            ],
                            "smb": []
                        }
                    ],
                    "shared_access_key_enabled": true,
                    "static_website": [],
                    "table_encryption_key_type": "Service",
                    "tags": {
                        "environment": "dev",
                        "project": "opa"
                    },
                    "timeouts": null
                },
                "after_unknown": {},
                "before_sensitive": {
                    "azure_files_authentication": [],
                    "blob_properties": [
                        {
                            "container_delete_retention_policy": [],
                            "cors_rule": [],
                            "delete_retention_policy": [],
                            "restore_policy": []
                        }
                    ],
                    "custom_domain": [],
                    "customer_managed_key": [],
                    "identity": [],
                    "immutability_policy": [],
                    "network_rules": [],
                    "primary_access_key": true,
                    "primary_blob_connection_string": true,
                    "primary_connection_string": true,
                    "queue_properties": [
                        {
                            "cors_rule": [],
                            "hour_metrics": [
                                {}
                            ],
                            "logging": [
                                {}
                            ],
                            "minute_metrics": [
                                {}
                            ]
                        }
                    ],
                    "routing": [],
                    "sas_policy": [],
                    "secondary_access_key": true,
                    "secondary_blob_connection_string": true,
                    "secondary_connection_string": true,
                    "share_properties": [
                        {
                            "cors_rule": [],
                            "retention_policy": [
                                {}
                            ],
                            "smb": []
                        }
                    ],
                    "static_website": [],
                    "tags": {}
                },
                "after_sensitive": {
                    "azure_files_authentication": [],
                    "blob_properties": [
                        {
                            "container_delete_retention_policy": [],
                            "cors_rule": [],
                            "delete_retention_policy": [],
                            "restore_policy": []
                        }
                    ],
                    "custom_domain": [],
                    "customer_managed_key": [],
                    "identity": [],
                    "immutability_policy": [],
                    "network_rules": [],
                    "primary_access_key": true,
                    "primary_blob_connection_string": true,
                    "primary_connection_string": true,
                    "queue_properties": [
                        {
                            "cors_rule": [],
                            "hour_metrics": [
                                {}
                            ],
                            "logging": [
                                {}
                            ],
                            "minute_metrics": [
                                {}
                            ]
                        }
                    ],
                    "routing": [],
                    "sas_policy": [],
                    "secondary_access_key": true,
                    "secondary_blob_connection_string": true,
                    "secondary_connection_string": true,
                    "share_properties": [
                        {
                            "cors_rule": [],
                            "retention_policy": [
                                {}
                            ],
                            "smb": []
                        }
                    ],
                    "static_website": [],
                    "tags": {}
                }
            }
        },
        {
            "address": "azurerm_subnet.main[\"subnet1\"]",
            "mode": "managed",
            "type": "azurerm_subnet",
            "name": "main",
            "index": "subnet1",
            "provider_name": "registry.terraform.io/hashicorp/azurerm",
            "change": {
                "actions": [
                    "update"
                ],
                "before": {
                    "address_prefixes": [
                        "10.0.0.0/24"
                    ],
                    "default_outbound_access_enabled": true,
                    "delegation": [],
                    "id": "/subscriptions/6a18591d-f445-43a2-b12a-1f1f9b4e3238/resourceGroups/opa-test/providers/Microsoft.Network/virtualNetworks/opa-test/subnets/subnet1",
                    "name": "subnet1",
                    "private_endpoint_network_policies": "Enabled",
                    "private_link_service_network_policies_enabled": true,
                    "resource_group_name": "opa-test",
                    "service_endpoint_policy_ids": [],
                    "service_endpoints": [],
                    "timeouts": null,
                    "virtual_network_name": "opa-test"
                },
                "after": {
                    "address_prefixes": [
                        "10.0.0.0/24"
                    ],
                    "default_outbound_access_enabled": true,
                    "delegation": [],
                    "id": "/subscriptions/6a18591d-f445-43a2-b12a-1f1f9b4e3238/resourceGroups/opa-test/providers/Microsoft.Network/virtualNetworks/opa-test/subnets/subnet1",
                    "name": "subnet1",
                    "private_endpoint_network_policies": "Disabled",
                    "private_link_service_network_policies_enabled": true,
                    "resource_group_name": "opa-test",
                    "service_endpoint_policy_ids": [],
                    "service_endpoints": [],
                    "timeouts": null,
                    "virtual_network_name": "opa-test"
                },
                "after_unknown": {},
                "before_sensitive": {
                    "address_prefixes": [
                        false
                    ],
                    "delegation": [],
                    "service_endpoint_policy_ids": [],
                    "service_endpoints": []
                },
                "after_sensitive": {
                    "address_prefixes": [
                        false
                    ],
                    "delegation": [],
                    "service_endpoint_policy_ids": [],
                    "service_endpoints": []
                }
            }
        },
        {
            "address": "azurerm_subnet.main[\"subnet2\"]",
            "mode": "managed",
            "type": "azurerm_subnet",
            "name": "main",
            "index": "subnet2",
            "provider_name": "registry.terraform.io/hashicorp/azurerm",
            "change": {
                "actions": [
                    "update"
                ],
                "before": {
                    "address_prefixes": [
                        "10.0.1.0/24"
                    ],
                    "default_outbound_access_enabled": true,
                    "delegation": [],
                    "id": "/subscriptions/6a18591d-f445-43a2-b12a-1f1f9b4e3238/resourceGroups/opa-test/providers/Microsoft.Network/virtualNetworks/opa-test/subnets/subnet2",
                    "name": "subnet2",
                    "private_endpoint_network_policies": "Enabled",
                    "private_link_service_network_policies_enabled": true,
                    "resource_group_name": "opa-test",
                    "service_endpoint_policy_ids": [],
                    "service_endpoints": [],
                    "timeouts": null,
                    "virtual_network_name": "opa-test"
                },
                "after": {
                    "address_prefixes": [
                        "10.0.1.0/24"
                    ],
                    "default_outbound_access_enabled": true,
                    "delegation": [],
                    "id": "/subscriptions/6a18591d-f445-43a2-b12a-1f1f9b4e3238/resourceGroups/opa-test/providers/Microsoft.Network/virtualNetworks/opa-test/subnets/subnet2",
                    "name": "subnet2",
                    "private_endpoint_network_policies": "Disabled",
                    "private_link_service_network_policies_enabled": true,
                    "resource_group_name": "opa-test",
                    "service_endpoint_policy_ids": [],
                    "service_endpoints": [],
                    "timeouts": null,
                    "virtual_network_name": "opa-test"
                },
                "after_unknown": {},
                "before_sensitive": {
                    "address_prefixes": [
                        false
                    ],
                    "delegation": [],
                    "service_endpoint_policy_ids": [],
                    "service_endpoints": []
                },
                "after_sensitive": {
                    "address_prefixes": [
                        false
                    ],
                    "delegation": [],
                    "service_endpoint_policy_ids": [],
                    "service_endpoints": []
                }
            }
        },
        {
            "address": "azurerm_virtual_network.main",
            "mode": "managed",
            "type": "azurerm_virtual_network",
            "name": "main",
            "provider_name": "registry.terraform.io/hashicorp/azurerm",
            "change": {
                "actions": [
                    "delete"
                ],
                "before": {
                    "address_space": [
                        "10.0.0.0/16"
                    ],
                    "bgp_community": "",
                    "ddos_protection_plan": [],
                    "dns_servers": [],
                    "edge_zone": "",
                    "encryption": [],
                    "flow_timeout_in_minutes": 0,
                    "guid": "ac17daa1-2140-45f3-9291-d9f5d67f76e0",
                    "id": "/subscriptions/6a18591d-f445-43a2-b12a-1f1f9b4e3238/resourceGroups/opa-test/providers/Microsoft.Network/virtualNetworks/opa-test",
                    "location": "westus",
                    "name": "opa-test",
                    "resource_group_name": "opa-test",
                    "subnet": [
                        {
                            "address_prefixes": [
                                "10.0.0.0/24"
                            ],
                            "default_outbound_access_enabled": false,
                            "delegation": [],
                            "id": "/subscriptions/6a18591d-f445-43a2-b12a-1f1f9b4e3238/resourceGroups/opa-test/providers/Microsoft.Network/virtualNetworks/opa-test/subnets/subnet1",
                            "name": "subnet1",
                            "private_endpoint_network_policies": "Enabled",
                            "private_link_service_network_policies_enabled": true,
                            "route_table_id": "",
                            "security_group": "",
                            "service_endpoint_policy_ids": [],
                            "service_endpoints": []
                        },
                        {
                            "address_prefixes": [
                                "10.0.1.0/24"
                            ],
                            "default_outbound_access_enabled": false,
                            "delegation": [],
                            "id": "/subscriptions/6a18591d-f445-43a2-b12a-1f1f9b4e3238/resourceGroups/opa-test/providers/Microsoft.Network/virtualNetworks/opa-test/subnets/subnet2",
                            "name": "subnet2",
                            "private_endpoint_network_policies": "Enabled",
                            "private_link_service_network_policies_enabled": true,
                            "route_table_id": "",
                            "security_group": "",
                            "service_endpoint_policy_ids": [],
                            "service_endpoints": []
                        }
                    ],
                    "tags": {
                        "environment": "dev",
                        "project": "opa"
                    },
                    "timeouts": null
                },
                "after": null,
                "after_unknown": {},
                "before_sensitive": {
                    "address_space": [
                        false
                    ],
                    "ddos_protection_plan": [],
                    "dns_servers": [],
                    "encryption": [],
                    "subnet": [
                        {
                            "address_prefixes": [
                                false
                            ],
                            "delegation": [],
                            "service_endpoint_policy_ids": [],
                            "service_endpoints": []
                        },
                        {
                            "address_prefixes": [
                                false
                            ],
                            "delegation": [],
                            "service_endpoint_policy_ids": [],
                            "service_endpoints": []
                        }
                    ],
                    "tags": {}
                },
                "after_sensitive": false
            },
            "action_reason": "delete_because_no_resource_config"
        },
        {
            "address": "azurerm_virtual_network.opa-test",
            "mode": "managed",
            "type": "azurerm_virtual_network",
            "name": "opa-test",
            "provider_name": "registry.terraform.io/hashicorp/azurerm",
            "change": {
                "actions": [
                    "create"
                ],
                "before": null,
                "after": {
                    "address_space": [
                        "10.0.0.0/16"
                    ],
                    "bgp_community": null,
                    "ddos_protection_plan": [],
                    "edge_zone": null,
                    "encryption": [],
                    "flow_timeout_in_minutes": null,
                    "location": "westus",
                    "name": "opa-test",
                    "resource_group_name": "opa-test",
                    "tags": {
                        "environment": "dev",
                        "project": "opa"
                    },
                    "timeouts": null
                },
                "after_unknown": {
                    "address_space": [
                        false
                    ],
                    "ddos_protection_plan": [],
                    "dns_servers": true,
                    "encryption": [],
                    "guid": true,
                    "id": true,
                    "subnet": true,
                    "tags": {}
                },
                "before_sensitive": false,
                "after_sensitive": {
                    "address_space": [
                        false
                    ],
                    "ddos_protection_plan": [],
                    "dns_servers": [],
                    "encryption": [],
                    "subnet": [],
                    "tags": {}
                }
            }
        }
    ],
    "prior_state": {
        "format_version": "1.0",
        "terraform_version": "1.5.7",
        "values": {
            "root_module": {
                "resources": [
                    {
                        "address": "azurerm_resource_group.main",
                        "mode": "managed",
                        "type": "azurerm_resource_group",
                        "name": "main",
                        "provider_name": "registry.terraform.io/hashicorp/azurerm",
                        "schema_version": 0,
                        "values": {
                            "id": "/subscriptions/6a18591d-f445-43a2-b12a-1f1f9b4e3238/resourceGroups/opa-test",
                            "location": "westus",
                            "managed_by": "",
                            "name": "opa-test",
                            "tags": {
                                "environment": "dev",
                                "project": "opa"
                            },
                            "timeouts": null
                        },
                        "sensitive_values": {
                            "tags": {}
                        }
                    },
                    {
                        "address": "azurerm_storage_account.opatesttf",
                        "mode": "managed",
                        "type": "azurerm_storage_account",
                        "name": "opatesttf",
                        "provider_name": "registry.terraform.io/hashicorp/azurerm",
                        "schema_version": 4,
                        "values": {
                            "access_tier": "Hot",
                            "account_kind": "StorageV2",
                            "account_replication_type": "GRS",
                            "account_tier": "Standard",
                            "allow_nested_items_to_be_public": true,
                            "allowed_copy_scope": "",
                            "azure_files_authentication": [],
                            "blob_properties": [
                                {
                                    "change_feed_enabled": false,
                                    "change_feed_retention_in_days": 0,
                                    "container_delete_retention_policy": [],
                                    "cors_rule": [],
                                    "default_service_version": "",
                                    "delete_retention_policy": [],
                                    "last_access_time_enabled": false,
                                    "restore_policy": [],
                                    "versioning_enabled": false
                                }
                            ],
                            "cross_tenant_replication_enabled": true,
                            "custom_domain": [],
                            "customer_managed_key": [],
                            "default_to_oauth_authentication": false,
                            "dns_endpoint_type": "Standard",
                            "edge_zone": "",
                            "https_traffic_only_enabled": true,
                            "id": "/subscriptions/6a18591d-f445-43a2-b12a-1f1f9b4e3238/resourceGroups/opa-test/providers/Microsoft.Storage/storageAccounts/opatesttf",
                            "identity": [],
                            "immutability_policy": [],
                            "infrastructure_encryption_enabled": false,
                            "is_hns_enabled": false,
                            "large_file_share_enabled": false,
                            "local_user_enabled": true,
                            "location": "westus",
                            "min_tls_version": "TLS1_2",
                            "name": "opatesttf",
                            "network_rules": [],
                            "nfsv3_enabled": false,
                            "primary_access_key": "K98Kz0Tj3C8GJdyF7GgLzppPPrZRk0mzKmaN2J1c8QmQp7PwKks8y8nGzVKF7H8FRvuHyQcLhOyM+AStknlMtg==",
                            "primary_blob_connection_string": "DefaultEndpointsProtocol=https;BlobEndpoint=https://opatesttf.blob.core.windows.net/;AccountName=opatesttf;AccountKey=K98Kz0Tj3C8GJdyF7GgLzppPPrZRk0mzKmaN2J1c8QmQp7PwKks8y8nGzVKF7H8FRvuHyQcLhOyM+AStknlMtg==",
                            "primary_blob_endpoint": "https://opatesttf.blob.core.windows.net/",
                            "primary_blob_host": "opatesttf.blob.core.windows.net",
                            "primary_blob_internet_endpoint": "",
                            "primary_blob_internet_host": "",
                            "primary_blob_microsoft_endpoint": "",
                            "primary_blob_microsoft_host": "",
                            "primary_connection_string": "DefaultEndpointsProtocol=https;AccountName=opatesttf;AccountKey=K98Kz0Tj3C8GJdyF7GgLzppPPrZRk0mzKmaN2J1c8QmQp7PwKks8y8nGzVKF7H8FRvuHyQcLhOyM+AStknlMtg==;EndpointSuffix=core.windows.net",
                            "primary_dfs_endpoint": "https://opatesttf.dfs.core.windows.net/",
                            "primary_dfs_host": "opatesttf.dfs.core.windows.net",
                            "primary_dfs_internet_endpoint": "",
                            "primary_dfs_internet_host": "",
                            "primary_dfs_microsoft_endpoint": "",
                            "primary_dfs_microsoft_host": "",
                            "primary_file_endpoint": "https://opatesttf.file.core.windows.net/",
                            "primary_file_host": "opatesttf.file.core.windows.net",
                            "primary_file_internet_endpoint": "",
                            "primary_file_internet_host": "",
                            "primary_file_microsoft_endpoint": "",
                            "primary_file_microsoft_host": "",
                            "primary_location": "westus",
                            "primary_queue_endpoint": "https://opatesttf.queue.core.windows.net/",
                            "primary_queue_host": "opatesttf.queue.core.windows.net",
                            "primary_queue_microsoft_endpoint": "",
                            "primary_queue_microsoft_host": "",
                            "primary_table_endpoint": "https://opatesttf.table.core.windows.net/",
                            "primary_table_host": "opatesttf.table.core.windows.net",
                            "primary_table_microsoft_endpoint": "",
                            "primary_table_microsoft_host": "",
                            "primary_web_endpoint": "https://opatesttf.z22.web.core.windows.net/",
                            "primary_web_host": "opatesttf.z22.web.core.windows.net",
                            "primary_web_internet_endpoint": "",
                            "primary_web_internet_host": "",
                            "primary_web_microsoft_endpoint": "",
                            "primary_web_microsoft_host": "",
                            "public_network_access_enabled": true,
                            "queue_encryption_key_type": "Service",
                            "queue_properties": [
                                {
                                    "cors_rule": [],
                                    "hour_metrics": [
                                        {
                                            "enabled": true,
                                            "include_apis": true,
                                            "retention_policy_days": 7,
                                            "version": "1.0"
                                        }
                                    ],
                                    "logging": [
                                        {
                                            "delete": false,
                                            "read": false,
                                            "retention_policy_days": 0,
                                            "version": "1.0",
                                            "write": false
                                        }
                                    ],
                                    "minute_metrics": [
                                        {
                                            "enabled": false,
                                            "include_apis": false,
                                            "retention_policy_days": 0,
                                            "version": "1.0"
                                        }
                                    ]
                                }
                            ],
                            "resource_group_name": "opa-test",
                            "routing": [],
                            "sas_policy": [],
                            "secondary_access_key": "S5lM+vwoF5eSHsG9NPI9apqsf3jl3kA2gsDAKYNpxVOM45bJegJU92pkKdjc9z1GBS9mxoOD5e4B+AStj4r0Ag==",
                            "secondary_blob_connection_string": "",
                            "secondary_blob_endpoint": "",
                            "secondary_blob_host": "",
                            "secondary_blob_internet_endpoint": "",
                            "secondary_blob_internet_host": "",
                            "secondary_blob_microsoft_endpoint": "",
                            "secondary_blob_microsoft_host": "",
                            "secondary_connection_string": "DefaultEndpointsProtocol=https;AccountName=opatesttf;AccountKey=S5lM+vwoF5eSHsG9NPI9apqsf3jl3kA2gsDAKYNpxVOM45bJegJU92pkKdjc9z1GBS9mxoOD5e4B+AStj4r0Ag==;EndpointSuffix=core.windows.net",
                            "secondary_dfs_endpoint": "",
                            "secondary_dfs_host": "",
                            "secondary_dfs_internet_endpoint": "",
                            "secondary_dfs_internet_host": "",
                            "secondary_dfs_microsoft_endpoint": "",
                            "secondary_dfs_microsoft_host": "",
                            "secondary_file_endpoint": "",
                            "secondary_file_host": "",
                            "secondary_file_internet_endpoint": "",
                            "secondary_file_internet_host": "",
                            "secondary_file_microsoft_endpoint": "",
                            "secondary_file_microsoft_host": "",
                            "secondary_location": "eastus",
                            "secondary_queue_endpoint": "",
                            "secondary_queue_host": "",
                            "secondary_queue_microsoft_endpoint": "",
                            "secondary_queue_microsoft_host": "",
                            "secondary_table_endpoint": "",
                            "secondary_table_host": "",
                            "secondary_table_microsoft_endpoint": "",
                            "secondary_table_microsoft_host": "",
                            "secondary_web_endpoint": "",
                            "secondary_web_host": "",
                            "secondary_web_internet_endpoint": "",
                            "secondary_web_internet_host": "",
                            "secondary_web_microsoft_endpoint": "",
                            "secondary_web_microsoft_host": "",
                            "sftp_enabled": false,
                            "share_properties": [
                                {
                                    "cors_rule": [],
                                    "retention_policy": [
                                        {
                                            "days": 7
                                        }
                                    ],
                                    "smb": []
                                }
                            ],
                            "shared_access_key_enabled": true,
                            "static_website": [],
                            "table_encryption_key_type": "Service",
                            "tags": {
                                "environment": "dev",
                                "project": "opa"
                            },
                            "timeouts": null
                        },
                        "sensitive_values": {
                            "azure_files_authentication": [],
                            "blob_properties": [
                                {
                                    "container_delete_retention_policy": [],
                                    "cors_rule": [],
                                    "delete_retention_policy": [],
                                    "restore_policy": []
                                }
                            ],
                            "custom_domain": [],
                            "customer_managed_key": [],
                            "identity": [],
                            "immutability_policy": [],
                            "network_rules": [],
                            "primary_access_key": true,
                            "primary_blob_connection_string": true,
                            "primary_connection_string": true,
                            "queue_properties": [
                                {
                                    "cors_rule": [],
                                    "hour_metrics": [
                                        {}
                                    ],
                                    "logging": [
                                        {}
                                    ],
                                    "minute_metrics": [
                                        {}
                                    ]
                                }
                            ],
                            "routing": [],
                            "sas_policy": [],
                            "secondary_access_key": true,
                            "secondary_blob_connection_string": true,
                            "secondary_connection_string": true,
                            "share_properties": [
                                {
                                    "cors_rule": [],
                                    "retention_policy": [
                                        {}
                                    ],
                                    "smb": []
                                }
                            ],
                            "static_website": [],
                            "tags": {}
                        },
                        "depends_on": [
                            "azurerm_resource_group.main",
                            "azurerm_resource_group.opa-test"
                        ]
                    },
                    {
                        "address": "azurerm_subnet.main[\"subnet1\"]",
                        "mode": "managed",
                        "type": "azurerm_subnet",
                        "name": "main",
                        "index": "subnet1",
                        "provider_name": "registry.terraform.io/hashicorp/azurerm",
                        "schema_version": 0,
                        "values": {
                            "address_prefixes": [
                                "10.0.0.0/24"
                            ],
                            "default_outbound_access_enabled": true,
                            "delegation": [],
                            "id": "/subscriptions/6a18591d-f445-43a2-b12a-1f1f9b4e3238/resourceGroups/opa-test/providers/Microsoft.Network/virtualNetworks/opa-test/subnets/subnet1",
                            "name": "subnet1",
                            "private_endpoint_network_policies": "Enabled",
                            "private_link_service_network_policies_enabled": true,
                            "resource_group_name": "opa-test",
                            "service_endpoint_policy_ids": [],
                            "service_endpoints": [],
                            "timeouts": null,
                            "virtual_network_name": "opa-test"
                        },
                        "sensitive_values": {
                            "address_prefixes": [
                                false
                            ],
                            "delegation": [],
                            "service_endpoint_policy_ids": [],
                            "service_endpoints": []
                        },
                        "depends_on": [
                            "azurerm_resource_group.main",
                            "azurerm_resource_group.opa-test",
                            "azurerm_virtual_network.main",
                            "azurerm_virtual_network.opa-test"
                        ]
                    },
                    {
                        "address": "azurerm_subnet.main[\"subnet2\"]",
                        "mode": "managed",
                        "type": "azurerm_subnet",
                        "name": "main",
                        "index": "subnet2",
                        "provider_name": "registry.terraform.io/hashicorp/azurerm",
                        "schema_version": 0,
                        "values": {
                            "address_prefixes": [
                                "10.0.1.0/24"
                            ],
                            "default_outbound_access_enabled": true,
                            "delegation": [],
                            "id": "/subscriptions/6a18591d-f445-43a2-b12a-1f1f9b4e3238/resourceGroups/opa-test/providers/Microsoft.Network/virtualNetworks/opa-test/subnets/subnet2",
                            "name": "subnet2",
                            "private_endpoint_network_policies": "Enabled",
                            "private_link_service_network_policies_enabled": true,
                            "resource_group_name": "opa-test",
                            "service_endpoint_policy_ids": [],
                            "service_endpoints": [],
                            "timeouts": null,
                            "virtual_network_name": "opa-test"
                        },
                        "sensitive_values": {
                            "address_prefixes": [
                                false
                            ],
                            "delegation": [],
                            "service_endpoint_policy_ids": [],
                            "service_endpoints": []
                        },
                        "depends_on": [
                            "azurerm_resource_group.main",
                            "azurerm_resource_group.opa-test",
                            "azurerm_virtual_network.main",
                            "azurerm_virtual_network.opa-test"
                        ]
                    },
                    {
                        "address": "azurerm_virtual_network.main",
                        "mode": "managed",
                        "type": "azurerm_virtual_network",
                        "name": "main",
                        "provider_name": "registry.terraform.io/hashicorp/azurerm",
                        "schema_version": 0,
                        "values": {
                            "address_space": [
                                "10.0.0.0/16"
                            ],
                            "bgp_community": "",
                            "ddos_protection_plan": [],
                            "dns_servers": [],
                            "edge_zone": "",
                            "encryption": [],
                            "flow_timeout_in_minutes": 0,
                            "guid": "ac17daa1-2140-45f3-9291-d9f5d67f76e0",
                            "id": "/subscriptions/6a18591d-f445-43a2-b12a-1f1f9b4e3238/resourceGroups/opa-test/providers/Microsoft.Network/virtualNetworks/opa-test",
                            "location": "westus",
                            "name": "opa-test",
                            "resource_group_name": "opa-test",
                            "subnet": [
                                {
                                    "address_prefixes": [
                                        "10.0.0.0/24"
                                    ],
                                    "default_outbound_access_enabled": false,
                                    "delegation": [],
                                    "id": "/subscriptions/6a18591d-f445-43a2-b12a-1f1f9b4e3238/resourceGroups/opa-test/providers/Microsoft.Network/virtualNetworks/opa-test/subnets/subnet1",
                                    "name": "subnet1",
                                    "private_endpoint_network_policies": "Enabled",
                                    "private_link_service_network_policies_enabled": true,
                                    "route_table_id": "",
                                    "security_group": "",
                                    "service_endpoint_policy_ids": [],
                                    "service_endpoints": []
                                },
                                {
                                    "address_prefixes": [
                                        "10.0.1.0/24"
                                    ],
                                    "default_outbound_access_enabled": false,
                                    "delegation": [],
                                    "id": "/subscriptions/6a18591d-f445-43a2-b12a-1f1f9b4e3238/resourceGroups/opa-test/providers/Microsoft.Network/virtualNetworks/opa-test/subnets/subnet2",
                                    "name": "subnet2",
                                    "private_endpoint_network_policies": "Enabled",
                                    "private_link_service_network_policies_enabled": true,
                                    "route_table_id": "",
                                    "security_group": "",
                                    "service_endpoint_policy_ids": [],
                                    "service_endpoints": []
                                }
                            ],
                            "tags": {
                                "environment": "dev",
                                "project": "opa"
                            },
                            "timeouts": null
                        },
                        "sensitive_values": {
                            "address_space": [
                                false
                            ],
                            "ddos_protection_plan": [],
                            "dns_servers": [],
                            "encryption": [],
                            "subnet": [
                                {
                                    "address_prefixes": [
                                        false
                                    ],
                                    "delegation": [],
                                    "service_endpoint_policy_ids": [],
                                    "service_endpoints": []
                                },
                                {
                                    "address_prefixes": [
                                        false
                                    ],
                                    "delegation": [],
                                    "service_endpoint_policy_ids": [],
                                    "service_endpoints": []
                                }
                            ],
                            "tags": {}
                        },
                        "depends_on": [
                            "azurerm_resource_group.main"
                        ]
                    }
                ]
            }
        }
    },
    "configuration": {
        "provider_config": {
            "azurerm": {
                "name": "azurerm",
                "full_name": "registry.terraform.io/hashicorp/azurerm",
                "version_constraint": "~\u003e 4.8.0",
                "expressions": {
                    "features": [
                        {}
                    ],
                    "subscription_id": {
                        "constant_value": "6a18591d-f445-43a2-b12a-1f1f9b4e3238"
                    },
                    "use_oidc": {
                        "constant_value": true
                    }
                }
            }
        },
        "root_module": {
            "resources": [
                {
                    "address": "azurerm_application_security_group.NSG",
                    "mode": "managed",
                    "type": "azurerm_application_security_group",
                    "name": "NSG",
                    "provider_config_key": "azurerm",
                    "expressions": {
                        "location": {
                            "references": [
                                "var.location"
                            ]
                        },
                        "name": {
                            "constant_value": "NSG"
                        },
                        "resource_group_name": {
                            "references": [
                                "var.resource_group_name"
                            ]
                        },
                        "tags": {
                            "constant_value": {
                                "environment": "dev",
                                "project": "opa"
                            }
                        }
                    },
                    "schema_version": 0
                },
                {
                    "address": "azurerm_resource_group.opa-test",
                    "mode": "managed",
                    "type": "azurerm_resource_group",
                    "name": "opa-test",
                    "provider_config_key": "azurerm",
                    "expressions": {
                        "location": {
                            "references": [
                                "var.location"
                            ]
                        },
                        "name": {
                            "references": [
                                "var.resource_group_name"
                            ]
                        },
                        "tags": {
                            "references": [
                                "var.common_tags"
                            ]
                        }
                    },
                    "schema_version": 0
                },
                {
                    "address": "azurerm_storage_account.example",
                    "mode": "managed",
                    "type": "azurerm_storage_account",
                    "name": "example",
                    "provider_config_key": "azurerm",
                    "expressions": {
                        "account_replication_type": {
                            "constant_value": "LRS"
                        },
                        "account_tier": {
                            "constant_value": "Standard"
                        },
                        "location": {
                            "references": [
                                "azurerm_resource_group.opa-test.location",
                                "azurerm_resource_group.opa-test"
                            ]
                        },
                        "name": {
                            "references": [
                                "each.key"
                            ]
                        },
                        "resource_group_name": {
                            "references": [
                                "azurerm_resource_group.opa-test.name",
                                "azurerm_resource_group.opa-test"
                            ]
                        }
                    },
                    "schema_version": 4,
                    "for_each_expression": {
                        "references": [
                            "local.storage_accounts"
                        ]
                    }
                },
                {
                    "address": "azurerm_storage_account.opatesttf",
                    "mode": "managed",
                    "type": "azurerm_storage_account",
                    "name": "opatesttf",
                    "provider_config_key": "azurerm",
                    "expressions": {
                        "account_replication_type": {
                            "constant_value": "GRS"
                        },
                        "account_tier": {
                            "constant_value": "Standard"
                        },
                        "location": {
                            "references": [
                                "azurerm_resource_group.opa-test.location",
                                "azurerm_resource_group.opa-test"
                            ]
                        },
                        "name": {
                            "references": [
                                "var.storage_account"
                            ]
                        },
                        "resource_group_name": {
                            "references": [
                                "azurerm_resource_group.opa-test.name",
                                "azurerm_resource_group.opa-test"
                            ]
                        },
                        "tags": {
                            "constant_value": {
                                "environment": "dev",
                                "project": "opa"
                            }
                        }
                    },
                    "schema_version": 4
                },
                {
                    "address": "azurerm_subnet.main",
                    "mode": "managed",
                    "type": "azurerm_subnet",
                    "name": "main",
                    "provider_config_key": "azurerm",
                    "expressions": {
                        "address_prefixes": {
                            "references": [
                                "each.value"
                            ]
                        },
                        "name": {
                            "references": [
                                "each.key"
                            ]
                        },
                        "resource_group_name": {
                            "references": [
                                "azurerm_resource_group.opa-test.name",
                                "azurerm_resource_group.opa-test"
                            ]
                        },
                        "virtual_network_name": {
                            "references": [
                                "azurerm_virtual_network.opa-test.name",
                                "azurerm_virtual_network.opa-test"
                            ]
                        }
                    },
                    "schema_version": 0,
                    "for_each_expression": {
                        "references": [
                            "var.subnets"
                        ]
                    }
                },
                {
                    "address": "azurerm_virtual_network.opa-test",
                    "mode": "managed",
                    "type": "azurerm_virtual_network",
                    "name": "opa-test",
                    "provider_config_key": "azurerm",
                    "expressions": {
                        "address_space": {
                            "references": [
                                "var.vnet_address_space"
                            ]
                        },
                        "location": {
                            "references": [
                                "azurerm_resource_group.opa-test.location",
                                "azurerm_resource_group.opa-test"
                            ]
                        },
                        "name": {
                            "references": [
                                "azurerm_resource_group.opa-test.name",
                                "azurerm_resource_group.opa-test"
                            ]
                        },
                        "resource_group_name": {
                            "references": [
                                "azurerm_resource_group.opa-test.name",
                                "azurerm_resource_group.opa-test"
                            ]
                        },
                        "tags": {
                            "references": [
                                "var.common_tags"
                            ]
                        }
                    },
                    "schema_version": 0
                }
            ],
            "variables": {
                "common_tags": {
                    "default": {
                        "environment": "dev",
                        "project": "opa"
                    },
                    "description": "Common tags to apply to all resources."
                },
                "location": {
                    "default": "West US",
                    "description": "Location/region where the resources will be created."
                },
                "resource_group_name": {
                    "default": "opa-test",
                    "description": "Name of the resource group to create."
                },
                "storage_account": {
                    "default": "opatesttf",
                    "description": "backend"
                },
                "subnets": {
                    "default": {
                        "subnet1": "10.0.0.0/24",
                        "subnet2": "10.0.1.0/24"
                    },
                    "description": "List of subnets to create."
                },
                "vnet_address_space": {
                    "default": "10.0.0.0/16",
                    "description": "CIDR block for the virtual network."
                }
            }
        }
    },
    "relevant_attributes": [
        {
            "resource": "azurerm_resource_group.opa-test",
            "attribute": [
                "name"
            ]
        },
        {
            "resource": "azurerm_resource_group.opa-test",
            "attribute": [
                "location"
            ]
        },
        {
            "resource": "azurerm_virtual_network.opa-test",
            "attribute": [
                "name"
            ]
        }
    ],
    "timestamp": "2024-11-15T21:16:16Z"
}